PODS:
  - BSFrameworks (0.1.10):
    - BSFrameworks/BSCategory (= 0.1.10)
    - BSFrameworks/BSLooperView (= 0.1.10)
    - BSFrameworks/BSPhotoFramework (= 0.1.10)
    - BSFrameworks/BSSocket (= 0.1.10)
    - BSFrameworks/BSVideoPreLoader (= 0.1.10)
    - Masonry
    - SDWebImage
  - BSFrameworks/BSCategory (0.1.10):
    - Masonry
    - SDWebImage
  - BSFrameworks/BSLooperView (0.1.10):
    - BSFrameworks/BSCategory
    - Masonry
    - SDWebImage
  - BSFrameworks/BSPhotoFramework (0.1.10):
    - BSFrameworks/BSCategory
    - Masonry
    - SDWebImage
  - BSFrameworks/BSSocket (0.1.10):
    - Masonry
    - SDWebImage
  - BSFrameworks/BSVideoPreLoader (0.1.10):
    - Masonry
    - SDWebImage
  - FBRetainCycleDetector (0.1.4)
  - Masonry (1.1.0)
  - MJRefresh (3.7.5)
  - MLeaksFinder (1.0.0):
    - FBRetainCycleDetector
  - SDWebImage (5.14.2):
    - SDWebImage/Core (= 5.14.2)
  - SDWebImage/Core (5.14.2)
  - TZImagePickerController (3.8.3):
    - TZImagePickerController/Basic (= 3.8.3)
    - TZImagePickerController/Location (= 3.8.3)
  - TZImagePickerController/Basic (3.8.3)
  - TZImagePickerController/Location (3.8.3)

DEPENDENCIES:
  - BSFrameworks (from `../`)
  - MJRefresh
  - MLeaksFinder
  - SDWebImage (~> 5.0)
  - TZImagePickerController

SPEC REPOS:
  https://mirrors.tuna.tsinghua.edu.cn/git/CocoaPods/Specs.git:
    - FBRetainCycleDetector
    - Masonry
    - MJRefresh
    - MLeaksFinder
    - SDWebImage
    - TZImagePickerController

EXTERNAL SOURCES:
  BSFrameworks:
    :path: "../"

SPEC CHECKSUMS:
  BSFrameworks: 1b775c77a4a3d04ca2da84bb5283ccff794511cf
  FBRetainCycleDetector: 46f8179bbb1c587deee3ea838a1a3ee02acf5015
  Masonry: 678fab65091a9290e40e2832a55e7ab731aad201
  MJRefresh: fdf5e979eb406a0341468932d1dfc8b7f9fce961
  MLeaksFinder: 8c435bd2f6d070af18cff082b503b21adc130fc0
  SDWebImage: b9a731e1d6307f44ca703b3976d18c24ca561e84
  TZImagePickerController: e9909edbadf7381140efc5b5c9f5bdbfd630f7d4

PODFILE CHECKSUM: 39aaba1bc40c0fd15351c1ffd25a9d6c7145005c

COCOAPODS: 1.11.3
