PODS:
  - BSFrameworks (0.1.10):
    - BSFrameworks/BSCategory (= 0.1.10)
    - BSFrameworks/BSLooperView (= 0.1.10)
    - BSFrameworks/BSPhotoFramework (= 0.1.10)
    - BSFrameworks/BSSegmentView (= 0.1.10)
    - BSFrameworks/BSSocket (= 0.1.10)
    - BSFrameworks/BSVideoPreLoader (= 0.1.10)
    - Masonry
    - SDWebImage
  - BSFrameworks/BSCategory (0.1.10):
    - Masonry
    - SDWebImage
  - BSFrameworks/BSLooperView (0.1.10):
    - BSFrameworks/BSCategory
    - Masonry
    - SDWebImage
  - BSFrameworks/BSPhotoFramework (0.1.10):
    - BSFrameworks/BSCategory
    - Masonry
    - SDWebImage
  - BSFrameworks/BSSegmentView (0.1.10):
    - Masonry
    - SDWebImage
  - BSFrameworks/BSSocket (0.1.10):
    - Masonry
    - SDWebImage
  - BSFrameworks/BSVideoPreLoader (0.1.10):
    - Masonry
    - SDWebImage
  - Masonry (1.1.0)
  - MJRefresh (3.7.5)
  - SDWebImage (5.14.2):
    - SDWebImage/Core (= 5.14.2)
  - SDWebImage/Core (5.14.2)
  - TZImagePickerController (3.8.3):
    - TZImagePickerController/Basic (= 3.8.3)
    - TZImagePickerController/Location (= 3.8.3)
  - TZImagePickerController/Basic (3.8.3)
  - TZImagePickerController/Location (3.8.3)

DEPENDENCIES:
  - BSFrameworks (from `../`)
  - MJRefresh
  - SDWebImage (~> 5.0)
  - TZImagePickerController

SPEC REPOS:
  https://mirrors.tuna.tsinghua.edu.cn/git/CocoaPods/Specs.git:
    - Masonry
    - MJRefresh
    - SDWebImage
    - TZImagePickerController

EXTERNAL SOURCES:
  BSFrameworks:
    :path: "../"

SPEC CHECKSUMS:
  BSFrameworks: 87ff28595eb224858206d1cdb43e9d44c2e5e772
  Masonry: 678fab65091a9290e40e2832a55e7ab731aad201
  MJRefresh: fdf5e979eb406a0341468932d1dfc8b7f9fce961
  SDWebImage: b9a731e1d6307f44ca703b3976d18c24ca561e84
  TZImagePickerController: e9909edbadf7381140efc5b5c9f5bdbfd630f7d4

PODFILE CHECKSUM: b5eed2cd6d0f001ff58312972d953eb2f9149268

COCOAPODS: 1.11.3
