// !$*UTF8*$!
{
	archiveVersion = 1;
	classes = {
	};
	objectVersion = 46;
	objects = {

/* Begin PBXBuildFile section */
		0B37FCB0010D0D30D2A25133 /* libPods-BSFrameworks_Example.a in Frameworks */ = {isa = PBXBuildFile; fileRef = 86E1A6FCE0EBB94E5DE654AA /* libPods-BSFrameworks_Example.a */; };
		17D71E508E5CCFAAC95435D0 /* libPods-BSFrameworks_Tests.a in Frameworks */ = {isa = PBXBuildFile; fileRef = 500ABBCEB65B426736B93CF8 /* libPods-BSFrameworks_Tests.a */; };
		301C486C25A30CC800F26CC3 /* libc++.tbd in Frameworks */ = {isa = PBXBuildFile; fileRef = 301C486B25A30CC800F26CC3 /* libc++.tbd */; };
		301C651027C65D3B00490377 /* BSButtonEdgeInsetsVC.m in Sources */ = {isa = PBXBuildFile; fileRef = 301C650F27C65D3B00490377 /* BSButtonEdgeInsetsVC.m */; };
		3025354C2477CD7B00669C27 /* BSCollectionViewCell.m in Sources */ = {isa = PBXBuildFile; fileRef = 3025354B2477CD7B00669C27 /* BSCollectionViewCell.m */; };
		302E4C5D2612C2F4005A4E2A /* BSSocketViewController.m in Sources */ = {isa = PBXBuildFile; fileRef = 302E4C5C2612C2F4005A4E2A /* BSSocketViewController.m */; };
		3034EFF4255B8922001084AC /* BSRefreshController.m in Sources */ = {isa = PBXBuildFile; fileRef = 3034EFF3255B8922001084AC /* BSRefreshController.m */; };
		30494A302485E55A002DBC8D /* BSLooperViewVC.m in Sources */ = {isa = PBXBuildFile; fileRef = 30494A2F2485E55A002DBC8D /* BSLooperViewVC.m */; };
		30494A382485E7FD002DBC8D /* BSFunctionModel.m in Sources */ = {isa = PBXBuildFile; fileRef = 30494A372485E7FD002DBC8D /* BSFunctionModel.m */; };
		305303B125A5B53400748F50 /* BSSubFuncListController.m in Sources */ = {isa = PBXBuildFile; fileRef = 305303B025A5B53400748F50 /* BSSubFuncListController.m */; };
		3053043025B12C0400748F50 /* BSTimerViewController.m in Sources */ = {isa = PBXBuildFile; fileRef = 3053042F25B12C0400748F50 /* BSTimerViewController.m */; };
		305D4A0A28E9487700845838 /* BSSharesProfit.m in Sources */ = {isa = PBXBuildFile; fileRef = 305D4A0928E9487700845838 /* BSSharesProfit.m */; };
		30702837249C62F7000C5384 /* BSStudyObjcController.m in Sources */ = {isa = PBXBuildFile; fileRef = 30702836249C62F7000C5384 /* BSStudyObjcController.m */; };
		3070283A249C695C000C5384 /* BSObjcPerson.m in Sources */ = {isa = PBXBuildFile; fileRef = 30702839249C695C000C5384 /* BSObjcPerson.m */; };
		3070283E249CB35E000C5384 /* BSNotifacation.m in Sources */ = {isa = PBXBuildFile; fileRef = 3070283D249CB35E000C5384 /* BSNotifacation.m */; };
		3070284224A474F9000C5384 /* BSDynamicBehavior.m in Sources */ = {isa = PBXBuildFile; fileRef = 3070284124A474F9000C5384 /* BSDynamicBehavior.m */; };
		30754B90257F71AE00398CA3 /* BSWebViewController.m in Sources */ = {isa = PBXBuildFile; fileRef = 30754B8F257F71AE00398CA3 /* BSWebViewController.m */; };
		308F961625F225C80051A225 /* BSFibonacciSequence.m in Sources */ = {isa = PBXBuildFile; fileRef = 308F961525F225C80051A225 /* BSFibonacciSequence.m */; };
		308F961F25F234EB0051A225 /* BSSort.m in Sources */ = {isa = PBXBuildFile; fileRef = 308F961E25F234EB0051A225 /* BSSort.m */; };
		308F962725F5F7600051A225 /* BSCategoryOrigin.m in Sources */ = {isa = PBXBuildFile; fileRef = 308F962625F5F7600051A225 /* BSCategoryOrigin.m */; };
		308F962E25F5F78D0051A225 /* BSCategoryOrigin+Mutimethod.m in Sources */ = {isa = PBXBuildFile; fileRef = 308F962D25F5F78D0051A225 /* BSCategoryOrigin+Mutimethod.m */; };
		308F963325F5FAA90051A225 /* BSCategoryVC.m in Sources */ = {isa = PBXBuildFile; fileRef = 308F963225F5FAA90051A225 /* BSCategoryVC.m */; };
		3097574D2574E84100A3E2CA /* BSOperatorController.m in Sources */ = {isa = PBXBuildFile; fileRef = 3097574C2574E84100A3E2CA /* BSOperatorController.m */; };
		30AD8F1D261C3A77006FA2B8 /* BSScrollView.m in Sources */ = {isa = PBXBuildFile; fileRef = 30AD8F1C261C3A77006FA2B8 /* BSScrollView.m */; };
		30AD8F22261C429A006FA2B8 /* BSContainerVC.m in Sources */ = {isa = PBXBuildFile; fileRef = 30AD8F21261C429A006FA2B8 /* BSContainerVC.m */; };
		30AD8F2E261C4319006FA2B8 /* BSRecognizerTableView.m in Sources */ = {isa = PBXBuildFile; fileRef = 30AD8F2D261C4319006FA2B8 /* BSRecognizerTableView.m */; };
		30AD8F33261C4392006FA2B8 /* BSRecoChildTableView.m in Sources */ = {isa = PBXBuildFile; fileRef = 30AD8F32261C4392006FA2B8 /* BSRecoChildTableView.m */; };
		30AD8F3A261C5975006FA2B8 /* BSClassifyScrollView.m in Sources */ = {isa = PBXBuildFile; fileRef = 30AD8F39261C5975006FA2B8 /* BSClassifyScrollView.m */; };
		30AD8F3F261C5B5A006FA2B8 /* BSChildScrollVC.m in Sources */ = {isa = PBXBuildFile; fileRef = 30AD8F3E261C5B5A006FA2B8 /* BSChildScrollVC.m */; };
		30AD8F53261EEBD1006FA2B8 /* NSNotificationCenter+BSNotiCenter.m in Sources */ = {isa = PBXBuildFile; fileRef = 30AD8F52261EEBD1006FA2B8 /* NSNotificationCenter+BSNotiCenter.m */; };
		30AD8F59261EF34F006FA2B8 /* BSNotificationVC.m in Sources */ = {isa = PBXBuildFile; fileRef = 30AD8F58261EF34F006FA2B8 /* BSNotificationVC.m */; };
		30AD8F60261EF36E006FA2B8 /* BSNotificationPostVC.m in Sources */ = {isa = PBXBuildFile; fileRef = 30AD8F5F261EF36E006FA2B8 /* BSNotificationPostVC.m */; };
		30AD8F65261EF383006FA2B8 /* BSNotificationObj.m in Sources */ = {isa = PBXBuildFile; fileRef = 30AD8F64261EF383006FA2B8 /* BSNotificationObj.m */; };
		30AD8F6A261EF392006FA2B8 /* BSNotificationView.m in Sources */ = {isa = PBXBuildFile; fileRef = 30AD8F69261EF392006FA2B8 /* BSNotificationView.m */; };
		30AD8F72261F0CF8006FA2B8 /* BSResponseChainVC.m in Sources */ = {isa = PBXBuildFile; fileRef = 30AD8F71261F0CF8006FA2B8 /* BSResponseChainVC.m */; };
		30AD8F79261F0D26006FA2B8 /* BSChainSuperView.m in Sources */ = {isa = PBXBuildFile; fileRef = 30AD8F78261F0D26006FA2B8 /* BSChainSuperView.m */; };
		30AE963C2488977E009A43FB /* BSPhotoVC.m in Sources */ = {isa = PBXBuildFile; fileRef = 30AE963B2488977E009A43FB /* BSPhotoVC.m */; };
		30AE96832488FEC6009A43FB /* BSRootCell.m in Sources */ = {isa = PBXBuildFile; fileRef = 30AE96822488FEC6009A43FB /* BSRootCell.m */; };
		30B8FF61259B3A2F0016D995 /* BSMaxHundredNumber.m in Sources */ = {isa = PBXBuildFile; fileRef = 30B8FF60259B3A2F0016D995 /* BSMaxHundredNumber.m */; };
		30B8FF67259C1EE30016D995 /* BSBlockController.m in Sources */ = {isa = PBXBuildFile; fileRef = 30B8FF66259C1EE30016D995 /* BSBlockController.m */; };
		30C3D2D625FA2395003CBC13 /* BSMsgSendForMethod.m in Sources */ = {isa = PBXBuildFile; fileRef = 30C3D2D525FA2395003CBC13 /* BSMsgSendForMethod.m */; };
		30CF1AC328BDBBF0007E2159 /* NSAnimateView.m in Sources */ = {isa = PBXBuildFile; fileRef = 30CF1AC228BDBBF0007E2159 /* NSAnimateView.m */; };
		30CF1AC628C891B4007E2159 /* BSCategryOriginSubClass.m in Sources */ = {isa = PBXBuildFile; fileRef = 30CF1AC528C891B4007E2159 /* BSCategryOriginSubClass.m */; };
		30D2E5C6256F48E7001EFB02 /* BSTransitionController.m in Sources */ = {isa = PBXBuildFile; fileRef = 30D2E5C5256F48E7001EFB02 /* BSTransitionController.m */; };
		30D2E5CB256F495A001EFB02 /* BSATransitionController.m in Sources */ = {isa = PBXBuildFile; fileRef = 30D2E5CA256F495A001EFB02 /* BSATransitionController.m */; };
		30D2E5D32570DB8A001EFB02 /* BSAlertController.m in Sources */ = {isa = PBXBuildFile; fileRef = 30D2E5D22570DB8A001EFB02 /* BSAlertController.m */; };
		30D2E5DB257108BF001EFB02 /* BSProtocalController.m in Sources */ = {isa = PBXBuildFile; fileRef = 30D2E5DA257108BF001EFB02 /* BSProtocalController.m */; };
		30D8BA6D2548099000275C1A /* test.mp4 in Resources */ = {isa = PBXBuildFile; fileRef = 30D8BA6C2548099000275C1A /* test.mp4 */; };
		30D8BA7325480B7C00275C1A /* test1.mp4 in Resources */ = {isa = PBXBuildFile; fileRef = 30D8BA7225480B7C00275C1A /* test1.mp4 */; };
		30DD8B2B258B2B6600E49AD9 /* BSKVOTestController.m in Sources */ = {isa = PBXBuildFile; fileRef = 30DD8B2A258B2B6600E49AD9 /* BSKVOTestController.m */; };
		30DD8B38258B2EEB00E49AD9 /* BSAutoreleasePoolController.m in Sources */ = {isa = PBXBuildFile; fileRef = 30DD8B37258B2EEB00E49AD9 /* BSAutoreleasePoolController.m */; };
		30DD8B3F258B4A8D00E49AD9 /* UIViewController+WhiteController.m in Sources */ = {isa = PBXBuildFile; fileRef = 30DD8B3E258B4A8D00E49AD9 /* UIViewController+WhiteController.m */; };
		30DD8B472590881500E49AD9 /* BSCalculationRoot.m in Sources */ = {isa = PBXBuildFile; fileRef = 30DD8B462590881500E49AD9 /* BSCalculationRoot.m */; };
		30DD8B4E25908D7400E49AD9 /* BSHuiwenStr.m in Sources */ = {isa = PBXBuildFile; fileRef = 30DD8B4D25908D7400E49AD9 /* BSHuiwenStr.m */; };
		6003F58E195388D20070C39A /* Foundation.framework in Frameworks */ = {isa = PBXBuildFile; fileRef = 6003F58D195388D20070C39A /* Foundation.framework */; };
		6003F590195388D20070C39A /* CoreGraphics.framework in Frameworks */ = {isa = PBXBuildFile; fileRef = 6003F58F195388D20070C39A /* CoreGraphics.framework */; };
		6003F592195388D20070C39A /* UIKit.framework in Frameworks */ = {isa = PBXBuildFile; fileRef = 6003F591195388D20070C39A /* UIKit.framework */; };
		6003F598195388D20070C39A /* InfoPlist.strings in Resources */ = {isa = PBXBuildFile; fileRef = 6003F596195388D20070C39A /* InfoPlist.strings */; };
		6003F59A195388D20070C39A /* main.m in Sources */ = {isa = PBXBuildFile; fileRef = 6003F599195388D20070C39A /* main.m */; };
		6003F59E195388D20070C39A /* BSAppDelegate.m in Sources */ = {isa = PBXBuildFile; fileRef = 6003F59D195388D20070C39A /* BSAppDelegate.m */; };
		6003F5A7195388D20070C39A /* BSViewController.m in Sources */ = {isa = PBXBuildFile; fileRef = 6003F5A6195388D20070C39A /* BSViewController.m */; };
		6003F5A9195388D20070C39A /* Images.xcassets in Resources */ = {isa = PBXBuildFile; fileRef = 6003F5A8195388D20070C39A /* Images.xcassets */; };
		6003F5B1195388D20070C39A /* Foundation.framework in Frameworks */ = {isa = PBXBuildFile; fileRef = 6003F58D195388D20070C39A /* Foundation.framework */; };
		6003F5B2195388D20070C39A /* UIKit.framework in Frameworks */ = {isa = PBXBuildFile; fileRef = 6003F591195388D20070C39A /* UIKit.framework */; };
		6003F5BA195388D20070C39A /* InfoPlist.strings in Resources */ = {isa = PBXBuildFile; fileRef = 6003F5B8195388D20070C39A /* InfoPlist.strings */; };
		6003F5BC195388D20070C39A /* Tests.m in Sources */ = {isa = PBXBuildFile; fileRef = 6003F5BB195388D20070C39A /* Tests.m */; };
		71719F9F1E33DC2100824A3D /* LaunchScreen.storyboard in Resources */ = {isa = PBXBuildFile; fileRef = 71719F9D1E33DC2100824A3D /* LaunchScreen.storyboard */; };
		773236072771BC8800CBE720 /* BSJsonTestVC.m in Sources */ = {isa = PBXBuildFile; fileRef = 773236062771BC8800CBE720 /* BSJsonTestVC.m */; };
		773236092771CF4B00CBE720 /* testjson.json in Resources */ = {isa = PBXBuildFile; fileRef = 773236082771CF4B00CBE720 /* testjson.json */; };
		77402D9D263A65BD0003A425 /* BSNotiAndUserdefaultStandard.m in Sources */ = {isa = PBXBuildFile; fileRef = 77402D9C263A65BD0003A425 /* BSNotiAndUserdefaultStandard.m */; };
		77B038132692B41F006587AF /* BSIKJPlayerController.m in Sources */ = {isa = PBXBuildFile; fileRef = 77B038122692B41F006587AF /* BSIKJPlayerController.m */; };
		77B038172692B671006587AF /* libc++.1.tbd in Frameworks */ = {isa = PBXBuildFile; fileRef = 77B038162692B671006587AF /* libc++.1.tbd */; };
		77B0381B2692B69C006587AF /* AudioToolbox.framework in Frameworks */ = {isa = PBXBuildFile; fileRef = 77B0381A2692B69C006587AF /* AudioToolbox.framework */; };
		77B0381D2692B6A6006587AF /* VideoToolbox.framework in Frameworks */ = {isa = PBXBuildFile; fileRef = 77B0381C2692B6A6006587AF /* VideoToolbox.framework */; };
		77B0381F2692B6B0006587AF /* CoreMedia.framework in Frameworks */ = {isa = PBXBuildFile; fileRef = 77B0381E2692B6B0006587AF /* CoreMedia.framework */; };
		77B038212692B6BE006587AF /* CoreVideo.framework in Frameworks */ = {isa = PBXBuildFile; fileRef = 77B038202692B6BE006587AF /* CoreVideo.framework */; };
		77B038232692B6D0006587AF /* CoreAudio.framework in Frameworks */ = {isa = PBXBuildFile; fileRef = 77B038222692B6D0006587AF /* CoreAudio.framework */; };
		77B038252692B6DE006587AF /* AVFoundation.framework in Frameworks */ = {isa = PBXBuildFile; fileRef = 77B038242692B6DE006587AF /* AVFoundation.framework */; };
		77B038272692B6EE006587AF /* libiconv.2.tbd in Frameworks */ = {isa = PBXBuildFile; fileRef = 77B038262692B6EE006587AF /* libiconv.2.tbd */; };
		77B0382B2692B6F8006587AF /* libz.1.tbd in Frameworks */ = {isa = PBXBuildFile; fileRef = 77B0382A2692B6F8006587AF /* libz.1.tbd */; };
		77B0382F2692B704006587AF /* libbz2.1.0.tbd in Frameworks */ = {isa = PBXBuildFile; fileRef = 77B0382E2692B704006587AF /* libbz2.1.0.tbd */; };
		77DA8D5526B2615B0034EC86 /* BSTransitionBoostAnimator.m in Sources */ = {isa = PBXBuildFile; fileRef = 77DA8D5426B2615B0034EC86 /* BSTransitionBoostAnimator.m */; };
		77DA8D6226B406AB0034EC86 /* 标题装饰.png in Resources */ = {isa = PBXBuildFile; fileRef = 77DA8D6126B406AB0034EC86 /* 标题装饰.png */; };
		77DA8D6626B406B40034EC86 /* 签到入口.png in Resources */ = {isa = PBXBuildFile; fileRef = 77DA8D6526B406B40034EC86 /* 签到入口.png */; };
		77DA8D6A26B406C00034EC86 /* time@2x.png in Resources */ = {isa = PBXBuildFile; fileRef = 77DA8D6926B406C00034EC86 /* time@2x.png */; };
		77EE7E7326AAAE0A009DE395 /* BSTransitionBoostController.m in Sources */ = {isa = PBXBuildFile; fileRef = 77EE7E7226AAAE0A009DE395 /* BSTransitionBoostController.m */; };
		77F312342679EC5A0062CCF5 /* BSVideoPlayerVC.m in Sources */ = {isa = PBXBuildFile; fileRef = 77F312332679EC5A0062CCF5 /* BSVideoPlayerVC.m */; };
		873B8AEB1B1F5CCA007FD442 /* Main.storyboard in Resources */ = {isa = PBXBuildFile; fileRef = 873B8AEA1B1F5CCA007FD442 /* Main.storyboard */; };
		E4CAA14429AE1DC600FC922B /* BSSegmentVC.m in Sources */ = {isa = PBXBuildFile; fileRef = E4CAA14329AE1DC600FC922B /* BSSegmentVC.m */; };
/* End PBXBuildFile section */

/* Begin PBXContainerItemProxy section */
		6003F5B3195388D20070C39A /* PBXContainerItemProxy */ = {
			isa = PBXContainerItemProxy;
			containerPortal = 6003F582195388D10070C39A /* Project object */;
			proxyType = 1;
			remoteGlobalIDString = 6003F589195388D20070C39A;
			remoteInfo = BSFrameworks;
		};
/* End PBXContainerItemProxy section */

/* Begin PBXFileReference section */
		1407A0FF819E0D4257A48958 /* README.md */ = {isa = PBXFileReference; includeInIndex = 1; lastKnownFileType = net.daringfireball.markdown; name = README.md; path = ../README.md; sourceTree = "<group>"; };
		249890230EA4254D28F53759 /* Pods-BSFrameworks_Tests.release.xcconfig */ = {isa = PBXFileReference; includeInIndex = 1; lastKnownFileType = text.xcconfig; name = "Pods-BSFrameworks_Tests.release.xcconfig"; path = "Target Support Files/Pods-BSFrameworks_Tests/Pods-BSFrameworks_Tests.release.xcconfig"; sourceTree = "<group>"; };
		301C486B25A30CC800F26CC3 /* libc++.tbd */ = {isa = PBXFileReference; lastKnownFileType = "sourcecode.text-based-dylib-definition"; name = "libc++.tbd"; path = "usr/lib/libc++.tbd"; sourceTree = SDKROOT; };
		301C650E27C65D3B00490377 /* BSButtonEdgeInsetsVC.h */ = {isa = PBXFileReference; fileEncoding = 4; lastKnownFileType = sourcecode.c.h; path = BSButtonEdgeInsetsVC.h; sourceTree = "<group>"; };
		301C650F27C65D3B00490377 /* BSButtonEdgeInsetsVC.m */ = {isa = PBXFileReference; fileEncoding = 4; lastKnownFileType = sourcecode.c.objc; path = BSButtonEdgeInsetsVC.m; sourceTree = "<group>"; };
		3025354A2477CD7B00669C27 /* BSCollectionViewCell.h */ = {isa = PBXFileReference; lastKnownFileType = sourcecode.c.h; path = BSCollectionViewCell.h; sourceTree = "<group>"; };
		3025354B2477CD7B00669C27 /* BSCollectionViewCell.m */ = {isa = PBXFileReference; lastKnownFileType = sourcecode.c.objc; path = BSCollectionViewCell.m; sourceTree = "<group>"; };
		302E4C5B2612C2F4005A4E2A /* BSSocketViewController.h */ = {isa = PBXFileReference; lastKnownFileType = sourcecode.c.h; path = BSSocketViewController.h; sourceTree = "<group>"; };
		302E4C5C2612C2F4005A4E2A /* BSSocketViewController.m */ = {isa = PBXFileReference; lastKnownFileType = sourcecode.c.objc; path = BSSocketViewController.m; sourceTree = "<group>"; };
		3034EFF2255B8922001084AC /* BSRefreshController.h */ = {isa = PBXFileReference; lastKnownFileType = sourcecode.c.h; path = BSRefreshController.h; sourceTree = "<group>"; };
		3034EFF3255B8922001084AC /* BSRefreshController.m */ = {isa = PBXFileReference; lastKnownFileType = sourcecode.c.objc; path = BSRefreshController.m; sourceTree = "<group>"; };
		30494A2E2485E55A002DBC8D /* BSLooperViewVC.h */ = {isa = PBXFileReference; lastKnownFileType = sourcecode.c.h; path = BSLooperViewVC.h; sourceTree = "<group>"; };
		30494A2F2485E55A002DBC8D /* BSLooperViewVC.m */ = {isa = PBXFileReference; lastKnownFileType = sourcecode.c.objc; path = BSLooperViewVC.m; sourceTree = "<group>"; };
		30494A362485E7FD002DBC8D /* BSFunctionModel.h */ = {isa = PBXFileReference; lastKnownFileType = sourcecode.c.h; path = BSFunctionModel.h; sourceTree = "<group>"; };
		30494A372485E7FD002DBC8D /* BSFunctionModel.m */ = {isa = PBXFileReference; lastKnownFileType = sourcecode.c.objc; path = BSFunctionModel.m; sourceTree = "<group>"; };
		305303AF25A5B53400748F50 /* BSSubFuncListController.h */ = {isa = PBXFileReference; lastKnownFileType = sourcecode.c.h; path = BSSubFuncListController.h; sourceTree = "<group>"; };
		305303B025A5B53400748F50 /* BSSubFuncListController.m */ = {isa = PBXFileReference; lastKnownFileType = sourcecode.c.objc; path = BSSubFuncListController.m; sourceTree = "<group>"; };
		3053042E25B12C0400748F50 /* BSTimerViewController.h */ = {isa = PBXFileReference; lastKnownFileType = sourcecode.c.h; path = BSTimerViewController.h; sourceTree = "<group>"; };
		3053042F25B12C0400748F50 /* BSTimerViewController.m */ = {isa = PBXFileReference; lastKnownFileType = sourcecode.c.objc; path = BSTimerViewController.m; sourceTree = "<group>"; };
		305D4A0828E9487700845838 /* BSSharesProfit.h */ = {isa = PBXFileReference; lastKnownFileType = sourcecode.c.h; path = BSSharesProfit.h; sourceTree = "<group>"; };
		305D4A0928E9487700845838 /* BSSharesProfit.m */ = {isa = PBXFileReference; lastKnownFileType = sourcecode.c.objc; path = BSSharesProfit.m; sourceTree = "<group>"; };
		30702835249C62F7000C5384 /* BSStudyObjcController.h */ = {isa = PBXFileReference; lastKnownFileType = sourcecode.c.h; path = BSStudyObjcController.h; sourceTree = "<group>"; };
		30702836249C62F7000C5384 /* BSStudyObjcController.m */ = {isa = PBXFileReference; lastKnownFileType = sourcecode.c.objc; path = BSStudyObjcController.m; sourceTree = "<group>"; };
		30702838249C695C000C5384 /* BSObjcPerson.h */ = {isa = PBXFileReference; lastKnownFileType = sourcecode.c.h; path = BSObjcPerson.h; sourceTree = "<group>"; };
		30702839249C695C000C5384 /* BSObjcPerson.m */ = {isa = PBXFileReference; lastKnownFileType = sourcecode.c.objc; path = BSObjcPerson.m; sourceTree = "<group>"; };
		3070283C249CB35E000C5384 /* BSNotifacation.h */ = {isa = PBXFileReference; lastKnownFileType = sourcecode.c.h; path = BSNotifacation.h; sourceTree = "<group>"; };
		3070283D249CB35E000C5384 /* BSNotifacation.m */ = {isa = PBXFileReference; lastKnownFileType = sourcecode.c.objc; path = BSNotifacation.m; sourceTree = "<group>"; };
		3070284024A474F9000C5384 /* BSDynamicBehavior.h */ = {isa = PBXFileReference; lastKnownFileType = sourcecode.c.h; path = BSDynamicBehavior.h; sourceTree = "<group>"; };
		3070284124A474F9000C5384 /* BSDynamicBehavior.m */ = {isa = PBXFileReference; lastKnownFileType = sourcecode.c.objc; path = BSDynamicBehavior.m; sourceTree = "<group>"; };
		30754B8E257F71AE00398CA3 /* BSWebViewController.h */ = {isa = PBXFileReference; lastKnownFileType = sourcecode.c.h; path = BSWebViewController.h; sourceTree = "<group>"; };
		30754B8F257F71AE00398CA3 /* BSWebViewController.m */ = {isa = PBXFileReference; lastKnownFileType = sourcecode.c.objc; path = BSWebViewController.m; sourceTree = "<group>"; };
		308F961425F225C80051A225 /* BSFibonacciSequence.h */ = {isa = PBXFileReference; lastKnownFileType = sourcecode.c.h; path = BSFibonacciSequence.h; sourceTree = "<group>"; };
		308F961525F225C80051A225 /* BSFibonacciSequence.m */ = {isa = PBXFileReference; lastKnownFileType = sourcecode.c.objc; path = BSFibonacciSequence.m; sourceTree = "<group>"; };
		308F961D25F234EB0051A225 /* BSSort.h */ = {isa = PBXFileReference; lastKnownFileType = sourcecode.c.h; path = BSSort.h; sourceTree = "<group>"; };
		308F961E25F234EB0051A225 /* BSSort.m */ = {isa = PBXFileReference; lastKnownFileType = sourcecode.c.objc; path = BSSort.m; sourceTree = "<group>"; };
		308F962525F5F7600051A225 /* BSCategoryOrigin.h */ = {isa = PBXFileReference; lastKnownFileType = sourcecode.c.h; path = BSCategoryOrigin.h; sourceTree = "<group>"; };
		308F962625F5F7600051A225 /* BSCategoryOrigin.m */ = {isa = PBXFileReference; lastKnownFileType = sourcecode.c.objc; path = BSCategoryOrigin.m; sourceTree = "<group>"; };
		308F962C25F5F78D0051A225 /* BSCategoryOrigin+Mutimethod.h */ = {isa = PBXFileReference; lastKnownFileType = sourcecode.c.h; path = "BSCategoryOrigin+Mutimethod.h"; sourceTree = "<group>"; };
		308F962D25F5F78D0051A225 /* BSCategoryOrigin+Mutimethod.m */ = {isa = PBXFileReference; lastKnownFileType = sourcecode.c.objc; path = "BSCategoryOrigin+Mutimethod.m"; sourceTree = "<group>"; };
		308F963125F5FAA90051A225 /* BSCategoryVC.h */ = {isa = PBXFileReference; lastKnownFileType = sourcecode.c.h; path = BSCategoryVC.h; sourceTree = "<group>"; };
		308F963225F5FAA90051A225 /* BSCategoryVC.m */ = {isa = PBXFileReference; lastKnownFileType = sourcecode.c.objc; path = BSCategoryVC.m; sourceTree = "<group>"; };
		3097574B2574E84100A3E2CA /* BSOperatorController.h */ = {isa = PBXFileReference; lastKnownFileType = sourcecode.c.h; path = BSOperatorController.h; sourceTree = "<group>"; };
		3097574C2574E84100A3E2CA /* BSOperatorController.m */ = {isa = PBXFileReference; lastKnownFileType = sourcecode.c.objc; path = BSOperatorController.m; sourceTree = "<group>"; };
		30AD8F1B261C3A77006FA2B8 /* BSScrollView.h */ = {isa = PBXFileReference; lastKnownFileType = sourcecode.c.h; path = BSScrollView.h; sourceTree = "<group>"; };
		30AD8F1C261C3A77006FA2B8 /* BSScrollView.m */ = {isa = PBXFileReference; lastKnownFileType = sourcecode.c.objc; path = BSScrollView.m; sourceTree = "<group>"; };
		30AD8F20261C429A006FA2B8 /* BSContainerVC.h */ = {isa = PBXFileReference; lastKnownFileType = sourcecode.c.h; path = BSContainerVC.h; sourceTree = "<group>"; };
		30AD8F21261C429A006FA2B8 /* BSContainerVC.m */ = {isa = PBXFileReference; lastKnownFileType = sourcecode.c.objc; path = BSContainerVC.m; sourceTree = "<group>"; };
		30AD8F2C261C4319006FA2B8 /* BSRecognizerTableView.h */ = {isa = PBXFileReference; lastKnownFileType = sourcecode.c.h; path = BSRecognizerTableView.h; sourceTree = "<group>"; };
		30AD8F2D261C4319006FA2B8 /* BSRecognizerTableView.m */ = {isa = PBXFileReference; lastKnownFileType = sourcecode.c.objc; path = BSRecognizerTableView.m; sourceTree = "<group>"; };
		30AD8F31261C4392006FA2B8 /* BSRecoChildTableView.h */ = {isa = PBXFileReference; lastKnownFileType = sourcecode.c.h; path = BSRecoChildTableView.h; sourceTree = "<group>"; };
		30AD8F32261C4392006FA2B8 /* BSRecoChildTableView.m */ = {isa = PBXFileReference; lastKnownFileType = sourcecode.c.objc; path = BSRecoChildTableView.m; sourceTree = "<group>"; };
		30AD8F38261C5975006FA2B8 /* BSClassifyScrollView.h */ = {isa = PBXFileReference; lastKnownFileType = sourcecode.c.h; path = BSClassifyScrollView.h; sourceTree = "<group>"; };
		30AD8F39261C5975006FA2B8 /* BSClassifyScrollView.m */ = {isa = PBXFileReference; lastKnownFileType = sourcecode.c.objc; path = BSClassifyScrollView.m; sourceTree = "<group>"; };
		30AD8F3D261C5B5A006FA2B8 /* BSChildScrollVC.h */ = {isa = PBXFileReference; lastKnownFileType = sourcecode.c.h; path = BSChildScrollVC.h; sourceTree = "<group>"; };
		30AD8F3E261C5B5A006FA2B8 /* BSChildScrollVC.m */ = {isa = PBXFileReference; lastKnownFileType = sourcecode.c.objc; path = BSChildScrollVC.m; sourceTree = "<group>"; };
		30AD8F51261EEBD1006FA2B8 /* NSNotificationCenter+BSNotiCenter.h */ = {isa = PBXFileReference; lastKnownFileType = sourcecode.c.h; path = "NSNotificationCenter+BSNotiCenter.h"; sourceTree = "<group>"; };
		30AD8F52261EEBD1006FA2B8 /* NSNotificationCenter+BSNotiCenter.m */ = {isa = PBXFileReference; lastKnownFileType = sourcecode.c.objc; path = "NSNotificationCenter+BSNotiCenter.m"; sourceTree = "<group>"; };
		30AD8F57261EF34F006FA2B8 /* BSNotificationVC.h */ = {isa = PBXFileReference; lastKnownFileType = sourcecode.c.h; path = BSNotificationVC.h; sourceTree = "<group>"; };
		30AD8F58261EF34F006FA2B8 /* BSNotificationVC.m */ = {isa = PBXFileReference; lastKnownFileType = sourcecode.c.objc; path = BSNotificationVC.m; sourceTree = "<group>"; };
		30AD8F5E261EF36E006FA2B8 /* BSNotificationPostVC.h */ = {isa = PBXFileReference; lastKnownFileType = sourcecode.c.h; path = BSNotificationPostVC.h; sourceTree = "<group>"; };
		30AD8F5F261EF36E006FA2B8 /* BSNotificationPostVC.m */ = {isa = PBXFileReference; lastKnownFileType = sourcecode.c.objc; path = BSNotificationPostVC.m; sourceTree = "<group>"; };
		30AD8F63261EF383006FA2B8 /* BSNotificationObj.h */ = {isa = PBXFileReference; lastKnownFileType = sourcecode.c.h; path = BSNotificationObj.h; sourceTree = "<group>"; };
		30AD8F64261EF383006FA2B8 /* BSNotificationObj.m */ = {isa = PBXFileReference; lastKnownFileType = sourcecode.c.objc; path = BSNotificationObj.m; sourceTree = "<group>"; };
		30AD8F68261EF392006FA2B8 /* BSNotificationView.h */ = {isa = PBXFileReference; lastKnownFileType = sourcecode.c.h; path = BSNotificationView.h; sourceTree = "<group>"; };
		30AD8F69261EF392006FA2B8 /* BSNotificationView.m */ = {isa = PBXFileReference; lastKnownFileType = sourcecode.c.objc; path = BSNotificationView.m; sourceTree = "<group>"; };
		30AD8F70261F0CF8006FA2B8 /* BSResponseChainVC.h */ = {isa = PBXFileReference; lastKnownFileType = sourcecode.c.h; path = BSResponseChainVC.h; sourceTree = "<group>"; };
		30AD8F71261F0CF8006FA2B8 /* BSResponseChainVC.m */ = {isa = PBXFileReference; lastKnownFileType = sourcecode.c.objc; path = BSResponseChainVC.m; sourceTree = "<group>"; };
		30AD8F77261F0D26006FA2B8 /* BSChainSuperView.h */ = {isa = PBXFileReference; lastKnownFileType = sourcecode.c.h; path = BSChainSuperView.h; sourceTree = "<group>"; };
		30AD8F78261F0D26006FA2B8 /* BSChainSuperView.m */ = {isa = PBXFileReference; lastKnownFileType = sourcecode.c.objc; path = BSChainSuperView.m; sourceTree = "<group>"; };
		30AE963A2488977E009A43FB /* BSPhotoVC.h */ = {isa = PBXFileReference; lastKnownFileType = sourcecode.c.h; path = BSPhotoVC.h; sourceTree = "<group>"; };
		30AE963B2488977E009A43FB /* BSPhotoVC.m */ = {isa = PBXFileReference; lastKnownFileType = sourcecode.c.objc; path = BSPhotoVC.m; sourceTree = "<group>"; };
		30AE96812488FEC6009A43FB /* BSRootCell.h */ = {isa = PBXFileReference; lastKnownFileType = sourcecode.c.h; path = BSRootCell.h; sourceTree = "<group>"; };
		30AE96822488FEC6009A43FB /* BSRootCell.m */ = {isa = PBXFileReference; lastKnownFileType = sourcecode.c.objc; path = BSRootCell.m; sourceTree = "<group>"; };
		30B8FF5F259B3A2F0016D995 /* BSMaxHundredNumber.h */ = {isa = PBXFileReference; lastKnownFileType = sourcecode.c.h; path = BSMaxHundredNumber.h; sourceTree = "<group>"; };
		30B8FF60259B3A2F0016D995 /* BSMaxHundredNumber.m */ = {isa = PBXFileReference; lastKnownFileType = sourcecode.c.objc; path = BSMaxHundredNumber.m; sourceTree = "<group>"; };
		30B8FF65259C1EE30016D995 /* BSBlockController.h */ = {isa = PBXFileReference; lastKnownFileType = sourcecode.c.h; path = BSBlockController.h; sourceTree = "<group>"; };
		30B8FF66259C1EE30016D995 /* BSBlockController.m */ = {isa = PBXFileReference; lastKnownFileType = sourcecode.c.objc; path = BSBlockController.m; sourceTree = "<group>"; };
		30C3D2D425FA2395003CBC13 /* BSMsgSendForMethod.h */ = {isa = PBXFileReference; lastKnownFileType = sourcecode.c.h; path = BSMsgSendForMethod.h; sourceTree = "<group>"; };
		30C3D2D525FA2395003CBC13 /* BSMsgSendForMethod.m */ = {isa = PBXFileReference; lastKnownFileType = sourcecode.c.objc; path = BSMsgSendForMethod.m; sourceTree = "<group>"; };
		30CF1AC128BDBBF0007E2159 /* NSAnimateView.h */ = {isa = PBXFileReference; lastKnownFileType = sourcecode.c.h; path = NSAnimateView.h; sourceTree = "<group>"; };
		30CF1AC228BDBBF0007E2159 /* NSAnimateView.m */ = {isa = PBXFileReference; lastKnownFileType = sourcecode.c.objc; path = NSAnimateView.m; sourceTree = "<group>"; };
		30CF1AC428C891B4007E2159 /* BSCategryOriginSubClass.h */ = {isa = PBXFileReference; lastKnownFileType = sourcecode.c.h; path = BSCategryOriginSubClass.h; sourceTree = "<group>"; };
		30CF1AC528C891B4007E2159 /* BSCategryOriginSubClass.m */ = {isa = PBXFileReference; lastKnownFileType = sourcecode.c.objc; path = BSCategryOriginSubClass.m; sourceTree = "<group>"; };
		30D2E5C4256F48E7001EFB02 /* BSTransitionController.h */ = {isa = PBXFileReference; lastKnownFileType = sourcecode.c.h; path = BSTransitionController.h; sourceTree = "<group>"; };
		30D2E5C5256F48E7001EFB02 /* BSTransitionController.m */ = {isa = PBXFileReference; lastKnownFileType = sourcecode.c.objc; path = BSTransitionController.m; sourceTree = "<group>"; };
		30D2E5C9256F495A001EFB02 /* BSATransitionController.h */ = {isa = PBXFileReference; lastKnownFileType = sourcecode.c.h; path = BSATransitionController.h; sourceTree = "<group>"; };
		30D2E5CA256F495A001EFB02 /* BSATransitionController.m */ = {isa = PBXFileReference; lastKnownFileType = sourcecode.c.objc; path = BSATransitionController.m; sourceTree = "<group>"; };
		30D2E5D12570DB8A001EFB02 /* BSAlertController.h */ = {isa = PBXFileReference; lastKnownFileType = sourcecode.c.h; path = BSAlertController.h; sourceTree = "<group>"; };
		30D2E5D22570DB8A001EFB02 /* BSAlertController.m */ = {isa = PBXFileReference; lastKnownFileType = sourcecode.c.objc; path = BSAlertController.m; sourceTree = "<group>"; };
		30D2E5D9257108BF001EFB02 /* BSProtocalController.h */ = {isa = PBXFileReference; lastKnownFileType = sourcecode.c.h; path = BSProtocalController.h; sourceTree = "<group>"; };
		30D2E5DA257108BF001EFB02 /* BSProtocalController.m */ = {isa = PBXFileReference; lastKnownFileType = sourcecode.c.objc; path = BSProtocalController.m; sourceTree = "<group>"; };
		30D8BA6C2548099000275C1A /* test.mp4 */ = {isa = PBXFileReference; lastKnownFileType = file; path = test.mp4; sourceTree = "<group>"; };
		30D8BA7225480B7C00275C1A /* test1.mp4 */ = {isa = PBXFileReference; lastKnownFileType = file; path = test1.mp4; sourceTree = "<group>"; };
		30DD8B29258B2B6600E49AD9 /* BSKVOTestController.h */ = {isa = PBXFileReference; lastKnownFileType = sourcecode.c.h; path = BSKVOTestController.h; sourceTree = "<group>"; };
		30DD8B2A258B2B6600E49AD9 /* BSKVOTestController.m */ = {isa = PBXFileReference; lastKnownFileType = sourcecode.c.objc; path = BSKVOTestController.m; sourceTree = "<group>"; };
		30DD8B36258B2EEB00E49AD9 /* BSAutoreleasePoolController.h */ = {isa = PBXFileReference; lastKnownFileType = sourcecode.c.h; path = BSAutoreleasePoolController.h; sourceTree = "<group>"; };
		30DD8B37258B2EEB00E49AD9 /* BSAutoreleasePoolController.m */ = {isa = PBXFileReference; lastKnownFileType = sourcecode.c.objc; path = BSAutoreleasePoolController.m; sourceTree = "<group>"; };
		30DD8B3D258B4A8D00E49AD9 /* UIViewController+WhiteController.h */ = {isa = PBXFileReference; lastKnownFileType = sourcecode.c.h; path = "UIViewController+WhiteController.h"; sourceTree = "<group>"; };
		30DD8B3E258B4A8D00E49AD9 /* UIViewController+WhiteController.m */ = {isa = PBXFileReference; lastKnownFileType = sourcecode.c.objc; path = "UIViewController+WhiteController.m"; sourceTree = "<group>"; };
		30DD8B452590881500E49AD9 /* BSCalculationRoot.h */ = {isa = PBXFileReference; lastKnownFileType = sourcecode.c.h; path = BSCalculationRoot.h; sourceTree = "<group>"; };
		30DD8B462590881500E49AD9 /* BSCalculationRoot.m */ = {isa = PBXFileReference; lastKnownFileType = sourcecode.c.objc; path = BSCalculationRoot.m; sourceTree = "<group>"; };
		30DD8B4C25908D7400E49AD9 /* BSHuiwenStr.h */ = {isa = PBXFileReference; lastKnownFileType = sourcecode.c.h; path = BSHuiwenStr.h; sourceTree = "<group>"; };
		30DD8B4D25908D7400E49AD9 /* BSHuiwenStr.m */ = {isa = PBXFileReference; lastKnownFileType = sourcecode.c.objc; path = BSHuiwenStr.m; sourceTree = "<group>"; };
		500ABBCEB65B426736B93CF8 /* libPods-BSFrameworks_Tests.a */ = {isa = PBXFileReference; explicitFileType = archive.ar; includeInIndex = 0; path = "libPods-BSFrameworks_Tests.a"; sourceTree = BUILT_PRODUCTS_DIR; };
		6003F58A195388D20070C39A /* BSFrameworks_Example.app */ = {isa = PBXFileReference; explicitFileType = wrapper.application; includeInIndex = 0; path = BSFrameworks_Example.app; sourceTree = BUILT_PRODUCTS_DIR; };
		6003F58D195388D20070C39A /* Foundation.framework */ = {isa = PBXFileReference; lastKnownFileType = wrapper.framework; name = Foundation.framework; path = System/Library/Frameworks/Foundation.framework; sourceTree = SDKROOT; };
		6003F58F195388D20070C39A /* CoreGraphics.framework */ = {isa = PBXFileReference; lastKnownFileType = wrapper.framework; name = CoreGraphics.framework; path = System/Library/Frameworks/CoreGraphics.framework; sourceTree = SDKROOT; };
		6003F591195388D20070C39A /* UIKit.framework */ = {isa = PBXFileReference; lastKnownFileType = wrapper.framework; name = UIKit.framework; path = System/Library/Frameworks/UIKit.framework; sourceTree = SDKROOT; };
		6003F595195388D20070C39A /* BSFrameworks-Info.plist */ = {isa = PBXFileReference; lastKnownFileType = text.plist.xml; path = "BSFrameworks-Info.plist"; sourceTree = "<group>"; };
		6003F597195388D20070C39A /* en */ = {isa = PBXFileReference; lastKnownFileType = text.plist.strings; name = en; path = en.lproj/InfoPlist.strings; sourceTree = "<group>"; };
		6003F599195388D20070C39A /* main.m */ = {isa = PBXFileReference; lastKnownFileType = sourcecode.c.objc; path = main.m; sourceTree = "<group>"; };
		6003F59B195388D20070C39A /* BSFrameworks-Prefix.pch */ = {isa = PBXFileReference; lastKnownFileType = sourcecode.c.h; path = "BSFrameworks-Prefix.pch"; sourceTree = "<group>"; };
		6003F59C195388D20070C39A /* BSAppDelegate.h */ = {isa = PBXFileReference; lastKnownFileType = sourcecode.c.h; path = BSAppDelegate.h; sourceTree = "<group>"; };
		6003F59D195388D20070C39A /* BSAppDelegate.m */ = {isa = PBXFileReference; lastKnownFileType = sourcecode.c.objc; path = BSAppDelegate.m; sourceTree = "<group>"; };
		6003F5A5195388D20070C39A /* BSViewController.h */ = {isa = PBXFileReference; lastKnownFileType = sourcecode.c.h; path = BSViewController.h; sourceTree = "<group>"; };
		6003F5A6195388D20070C39A /* BSViewController.m */ = {isa = PBXFileReference; lastKnownFileType = sourcecode.c.objc; path = BSViewController.m; sourceTree = "<group>"; };
		6003F5A8195388D20070C39A /* Images.xcassets */ = {isa = PBXFileReference; lastKnownFileType = folder.assetcatalog; path = Images.xcassets; sourceTree = "<group>"; };
		6003F5AE195388D20070C39A /* BSFrameworks_Tests.xctest */ = {isa = PBXFileReference; explicitFileType = wrapper.cfbundle; includeInIndex = 0; path = BSFrameworks_Tests.xctest; sourceTree = BUILT_PRODUCTS_DIR; };
		6003F5B7195388D20070C39A /* Tests-Info.plist */ = {isa = PBXFileReference; lastKnownFileType = text.plist.xml; path = "Tests-Info.plist"; sourceTree = "<group>"; };
		6003F5B9195388D20070C39A /* en */ = {isa = PBXFileReference; lastKnownFileType = text.plist.strings; name = en; path = en.lproj/InfoPlist.strings; sourceTree = "<group>"; };
		6003F5BB195388D20070C39A /* Tests.m */ = {isa = PBXFileReference; lastKnownFileType = sourcecode.c.objc; path = Tests.m; sourceTree = "<group>"; };
		606FC2411953D9B200FFA9A0 /* Tests-Prefix.pch */ = {isa = PBXFileReference; lastKnownFileType = sourcecode.c.h; path = "Tests-Prefix.pch"; sourceTree = "<group>"; };
		6F31A20A37F7F47B153DD4F3 /* LICENSE */ = {isa = PBXFileReference; includeInIndex = 1; lastKnownFileType = text; name = LICENSE; path = ../LICENSE; sourceTree = "<group>"; };
		71719F9E1E33DC2100824A3D /* Base */ = {isa = PBXFileReference; lastKnownFileType = file.storyboard; name = Base; path = Base.lproj/LaunchScreen.storyboard; sourceTree = "<group>"; };
		773236052771BC8800CBE720 /* BSJsonTestVC.h */ = {isa = PBXFileReference; lastKnownFileType = sourcecode.c.h; path = BSJsonTestVC.h; sourceTree = "<group>"; };
		773236062771BC8800CBE720 /* BSJsonTestVC.m */ = {isa = PBXFileReference; lastKnownFileType = sourcecode.c.objc; path = BSJsonTestVC.m; sourceTree = "<group>"; };
		773236082771CF4B00CBE720 /* testjson.json */ = {isa = PBXFileReference; fileEncoding = 4; lastKnownFileType = text.json; path = testjson.json; sourceTree = "<group>"; };
		77402D9B263A65BD0003A425 /* BSNotiAndUserdefaultStandard.h */ = {isa = PBXFileReference; lastKnownFileType = sourcecode.c.h; path = BSNotiAndUserdefaultStandard.h; sourceTree = "<group>"; };
		77402D9C263A65BD0003A425 /* BSNotiAndUserdefaultStandard.m */ = {isa = PBXFileReference; lastKnownFileType = sourcecode.c.objc; path = BSNotiAndUserdefaultStandard.m; sourceTree = "<group>"; };
		77B038112692B41F006587AF /* BSIKJPlayerController.h */ = {isa = PBXFileReference; lastKnownFileType = sourcecode.c.h; path = BSIKJPlayerController.h; sourceTree = "<group>"; };
		77B038122692B41F006587AF /* BSIKJPlayerController.m */ = {isa = PBXFileReference; lastKnownFileType = sourcecode.c.objc; path = BSIKJPlayerController.m; sourceTree = "<group>"; };
		77B038162692B671006587AF /* libc++.1.tbd */ = {isa = PBXFileReference; lastKnownFileType = "sourcecode.text-based-dylib-definition"; name = "libc++.1.tbd"; path = "usr/lib/libc++.1.tbd"; sourceTree = SDKROOT; };
		77B0381A2692B69C006587AF /* AudioToolbox.framework */ = {isa = PBXFileReference; lastKnownFileType = wrapper.framework; name = AudioToolbox.framework; path = System/Library/Frameworks/AudioToolbox.framework; sourceTree = SDKROOT; };
		77B0381C2692B6A6006587AF /* VideoToolbox.framework */ = {isa = PBXFileReference; lastKnownFileType = wrapper.framework; name = VideoToolbox.framework; path = System/Library/Frameworks/VideoToolbox.framework; sourceTree = SDKROOT; };
		77B0381E2692B6B0006587AF /* CoreMedia.framework */ = {isa = PBXFileReference; lastKnownFileType = wrapper.framework; name = CoreMedia.framework; path = System/Library/Frameworks/CoreMedia.framework; sourceTree = SDKROOT; };
		77B038202692B6BE006587AF /* CoreVideo.framework */ = {isa = PBXFileReference; lastKnownFileType = wrapper.framework; name = CoreVideo.framework; path = System/Library/Frameworks/CoreVideo.framework; sourceTree = SDKROOT; };
		77B038222692B6D0006587AF /* CoreAudio.framework */ = {isa = PBXFileReference; lastKnownFileType = wrapper.framework; name = CoreAudio.framework; path = System/Library/Frameworks/CoreAudio.framework; sourceTree = SDKROOT; };
		77B038242692B6DE006587AF /* AVFoundation.framework */ = {isa = PBXFileReference; lastKnownFileType = wrapper.framework; name = AVFoundation.framework; path = System/Library/Frameworks/AVFoundation.framework; sourceTree = SDKROOT; };
		77B038262692B6EE006587AF /* libiconv.2.tbd */ = {isa = PBXFileReference; lastKnownFileType = "sourcecode.text-based-dylib-definition"; name = libiconv.2.tbd; path = usr/lib/libiconv.2.tbd; sourceTree = SDKROOT; };
		77B0382A2692B6F8006587AF /* libz.1.tbd */ = {isa = PBXFileReference; lastKnownFileType = "sourcecode.text-based-dylib-definition"; name = libz.1.tbd; path = usr/lib/libz.1.tbd; sourceTree = SDKROOT; };
		77B0382E2692B704006587AF /* libbz2.1.0.tbd */ = {isa = PBXFileReference; lastKnownFileType = "sourcecode.text-based-dylib-definition"; name = libbz2.1.0.tbd; path = usr/lib/libbz2.1.0.tbd; sourceTree = SDKROOT; };
		77DA8D5326B2615B0034EC86 /* BSTransitionBoostAnimator.h */ = {isa = PBXFileReference; lastKnownFileType = sourcecode.c.h; path = BSTransitionBoostAnimator.h; sourceTree = "<group>"; };
		77DA8D5426B2615B0034EC86 /* BSTransitionBoostAnimator.m */ = {isa = PBXFileReference; lastKnownFileType = sourcecode.c.objc; path = BSTransitionBoostAnimator.m; sourceTree = "<group>"; };
		77DA8D6126B406AB0034EC86 /* 标题装饰.png */ = {isa = PBXFileReference; lastKnownFileType = image.png; path = "标题装饰.png"; sourceTree = "<group>"; };
		77DA8D6526B406B40034EC86 /* 签到入口.png */ = {isa = PBXFileReference; lastKnownFileType = image.png; path = "签到入口.png"; sourceTree = "<group>"; };
		77DA8D6926B406C00034EC86 /* time@2x.png */ = {isa = PBXFileReference; lastKnownFileType = image.png; path = "time@2x.png"; sourceTree = "<group>"; };
		77EE7E7126AAAE0A009DE395 /* BSTransitionBoostController.h */ = {isa = PBXFileReference; lastKnownFileType = sourcecode.c.h; path = BSTransitionBoostController.h; sourceTree = "<group>"; };
		77EE7E7226AAAE0A009DE395 /* BSTransitionBoostController.m */ = {isa = PBXFileReference; lastKnownFileType = sourcecode.c.objc; path = BSTransitionBoostController.m; sourceTree = "<group>"; };
		77F312322679EC5A0062CCF5 /* BSVideoPlayerVC.h */ = {isa = PBXFileReference; lastKnownFileType = sourcecode.c.h; path = BSVideoPlayerVC.h; sourceTree = "<group>"; };
		77F312332679EC5A0062CCF5 /* BSVideoPlayerVC.m */ = {isa = PBXFileReference; lastKnownFileType = sourcecode.c.objc; path = BSVideoPlayerVC.m; sourceTree = "<group>"; };
		7DAFF48ABAAB9BB1ECEE86FE /* Pods-BSFrameworks_Example.release.xcconfig */ = {isa = PBXFileReference; includeInIndex = 1; lastKnownFileType = text.xcconfig; name = "Pods-BSFrameworks_Example.release.xcconfig"; path = "Target Support Files/Pods-BSFrameworks_Example/Pods-BSFrameworks_Example.release.xcconfig"; sourceTree = "<group>"; };
		7EF9CD17C5C025348FBB461A /* Pods-BSFrameworks_Example.debug.xcconfig */ = {isa = PBXFileReference; includeInIndex = 1; lastKnownFileType = text.xcconfig; name = "Pods-BSFrameworks_Example.debug.xcconfig"; path = "Target Support Files/Pods-BSFrameworks_Example/Pods-BSFrameworks_Example.debug.xcconfig"; sourceTree = "<group>"; };
		86E1A6FCE0EBB94E5DE654AA /* libPods-BSFrameworks_Example.a */ = {isa = PBXFileReference; explicitFileType = archive.ar; includeInIndex = 0; path = "libPods-BSFrameworks_Example.a"; sourceTree = BUILT_PRODUCTS_DIR; };
		873B8AEA1B1F5CCA007FD442 /* Main.storyboard */ = {isa = PBXFileReference; fileEncoding = 4; lastKnownFileType = file.storyboard; path = Main.storyboard; sourceTree = "<group>"; };
		8DB5826B6261A683A85E3741 /* BSFrameworks.podspec */ = {isa = PBXFileReference; includeInIndex = 1; lastKnownFileType = text; name = BSFrameworks.podspec; path = ../BSFrameworks.podspec; sourceTree = "<group>"; xcLanguageSpecificationIdentifier = xcode.lang.ruby; };
		9C57EA256A2BABE18FAABFA8 /* Pods-BSFrameworks_Tests.debug.xcconfig */ = {isa = PBXFileReference; includeInIndex = 1; lastKnownFileType = text.xcconfig; name = "Pods-BSFrameworks_Tests.debug.xcconfig"; path = "Target Support Files/Pods-BSFrameworks_Tests/Pods-BSFrameworks_Tests.debug.xcconfig"; sourceTree = "<group>"; };
		E4CAA14229AE1DC600FC922B /* BSSegmentVC.h */ = {isa = PBXFileReference; lastKnownFileType = sourcecode.c.h; path = BSSegmentVC.h; sourceTree = "<group>"; };
		E4CAA14329AE1DC600FC922B /* BSSegmentVC.m */ = {isa = PBXFileReference; lastKnownFileType = sourcecode.c.objc; path = BSSegmentVC.m; sourceTree = "<group>"; };
/* End PBXFileReference section */

/* Begin PBXFrameworksBuildPhase section */
		6003F587195388D20070C39A /* Frameworks */ = {
			isa = PBXFrameworksBuildPhase;
			buildActionMask = 2147483647;
			files = (
				77B0382F2692B704006587AF /* libbz2.1.0.tbd in Frameworks */,
				77B0382B2692B6F8006587AF /* libz.1.tbd in Frameworks */,
				77B038272692B6EE006587AF /* libiconv.2.tbd in Frameworks */,
				77B038252692B6DE006587AF /* AVFoundation.framework in Frameworks */,
				77B038232692B6D0006587AF /* CoreAudio.framework in Frameworks */,
				77B038212692B6BE006587AF /* CoreVideo.framework in Frameworks */,
				77B0381F2692B6B0006587AF /* CoreMedia.framework in Frameworks */,
				77B0381D2692B6A6006587AF /* VideoToolbox.framework in Frameworks */,
				77B0381B2692B69C006587AF /* AudioToolbox.framework in Frameworks */,
				77B038172692B671006587AF /* libc++.1.tbd in Frameworks */,
				301C486C25A30CC800F26CC3 /* libc++.tbd in Frameworks */,
				6003F590195388D20070C39A /* CoreGraphics.framework in Frameworks */,
				6003F592195388D20070C39A /* UIKit.framework in Frameworks */,
				6003F58E195388D20070C39A /* Foundation.framework in Frameworks */,
				0B37FCB0010D0D30D2A25133 /* libPods-BSFrameworks_Example.a in Frameworks */,
			);
			runOnlyForDeploymentPostprocessing = 0;
		};
		6003F5AB195388D20070C39A /* Frameworks */ = {
			isa = PBXFrameworksBuildPhase;
			buildActionMask = 2147483647;
			files = (
				6003F5B2195388D20070C39A /* UIKit.framework in Frameworks */,
				6003F5B1195388D20070C39A /* Foundation.framework in Frameworks */,
				17D71E508E5CCFAAC95435D0 /* libPods-BSFrameworks_Tests.a in Frameworks */,
			);
			runOnlyForDeploymentPostprocessing = 0;
		};
/* End PBXFrameworksBuildPhase section */

/* Begin PBXGroup section */
		301C650D27C65D3B00490377 /* UIButtonEdgeInsets */ = {
			isa = PBXGroup;
			children = (
				301C650E27C65D3B00490377 /* BSButtonEdgeInsetsVC.h */,
				301C650F27C65D3B00490377 /* BSButtonEdgeInsetsVC.m */,
			);
			path = UIButtonEdgeInsets;
			sourceTree = "<group>";
		};
		301C651127C6609100490377 /* ViewController */ = {
			isa = PBXGroup;
			children = (
				6003F5A5195388D20070C39A /* BSViewController.h */,
				6003F5A6195388D20070C39A /* BSViewController.m */,
				305303AF25A5B53400748F50 /* BSSubFuncListController.h */,
				305303B025A5B53400748F50 /* BSSubFuncListController.m */,
			);
			path = ViewController;
			sourceTree = "<group>";
		};
		301C651227C6609900490377 /* Model */ = {
			isa = PBXGroup;
			children = (
				30494A362485E7FD002DBC8D /* BSFunctionModel.h */,
				30494A372485E7FD002DBC8D /* BSFunctionModel.m */,
			);
			path = Model;
			sourceTree = "<group>";
		};
		301C651327C660A800490377 /* View */ = {
			isa = PBXGroup;
			children = (
				30AE96812488FEC6009A43FB /* BSRootCell.h */,
				30AE96822488FEC6009A43FB /* BSRootCell.m */,
			);
			path = View;
			sourceTree = "<group>";
		};
		301C651427C660B100490377 /* Category */ = {
			isa = PBXGroup;
			children = (
				30DD8B3D258B4A8D00E49AD9 /* UIViewController+WhiteController.h */,
				30DD8B3E258B4A8D00E49AD9 /* UIViewController+WhiteController.m */,
			);
			path = Category;
			sourceTree = "<group>";
		};
		30253546247786A900669C27 /* AppDelegate */ = {
			isa = PBXGroup;
			children = (
				6003F59C195388D20070C39A /* BSAppDelegate.h */,
				6003F59D195388D20070C39A /* BSAppDelegate.m */,
			);
			path = AppDelegate;
			sourceTree = "<group>";
		};
		302E4C5A2612C2DC005A4E2A /* BSSocket */ = {
			isa = PBXGroup;
			children = (
				302E4C5B2612C2F4005A4E2A /* BSSocketViewController.h */,
				302E4C5C2612C2F4005A4E2A /* BSSocketViewController.m */,
			);
			path = BSSocket;
			sourceTree = "<group>";
		};
		3034EFC2255B7FFC001084AC /* TableViewRefresh */ = {
			isa = PBXGroup;
			children = (
				3034EFF2255B8922001084AC /* BSRefreshController.h */,
				3034EFF3255B8922001084AC /* BSRefreshController.m */,
			);
			path = TableViewRefresh;
			sourceTree = "<group>";
		};
		30494A2B2485E3EF002DBC8D /* Root */ = {
			isa = PBXGroup;
			children = (
				301C651127C6609100490377 /* ViewController */,
				301C651327C660A800490377 /* View */,
				301C651227C6609900490377 /* Model */,
				301C651427C660B100490377 /* Category */,
			);
			path = Root;
			sourceTree = "<group>";
		};
		30494A2C2485E41B002DBC8D /* Function */ = {
			isa = PBXGroup;
			children = (
				30494A2D2485E435002DBC8D /* BSLooperView */,
				30494A332485E7BA002DBC8D /* BSPhoto */,
				302E4C5A2612C2DC005A4E2A /* BSSocket */,
				77F312302679EC200062CCF5 /* BSVideoPreLoader */,
				E4CAA13E29AE1DA800FC922B /* BSSegmentView */,
				3053042825AD866800748F50 /* DemoGroup */,
			);
			path = Function;
			sourceTree = "<group>";
		};
		30494A2D2485E435002DBC8D /* BSLooperView */ = {
			isa = PBXGroup;
			children = (
				30494A322485E7A0002DBC8D /* ViewController */,
				30494A312485E797002DBC8D /* View */,
			);
			path = BSLooperView;
			sourceTree = "<group>";
		};
		30494A312485E797002DBC8D /* View */ = {
			isa = PBXGroup;
			children = (
				3025354A2477CD7B00669C27 /* BSCollectionViewCell.h */,
				3025354B2477CD7B00669C27 /* BSCollectionViewCell.m */,
			);
			path = View;
			sourceTree = "<group>";
		};
		30494A322485E7A0002DBC8D /* ViewController */ = {
			isa = PBXGroup;
			children = (
				30494A2E2485E55A002DBC8D /* BSLooperViewVC.h */,
				30494A2F2485E55A002DBC8D /* BSLooperViewVC.m */,
			);
			path = ViewController;
			sourceTree = "<group>";
		};
		30494A332485E7BA002DBC8D /* BSPhoto */ = {
			isa = PBXGroup;
			children = (
				30494A342485E7CC002DBC8D /* ViewController */,
			);
			path = BSPhoto;
			sourceTree = "<group>";
		};
		30494A342485E7CC002DBC8D /* ViewController */ = {
			isa = PBXGroup;
			children = (
				30AE963A2488977E009A43FB /* BSPhotoVC.h */,
				30AE963B2488977E009A43FB /* BSPhotoVC.m */,
			);
			path = ViewController;
			sourceTree = "<group>";
		};
		3053042825AD866800748F50 /* DemoGroup */ = {
			isa = PBXGroup;
			children = (
				773236022771BC5C00CBE720 /* JSONTest */,
				301C650D27C65D3B00490377 /* UIButtonEdgeInsets */,
				77B0380A2692B3AF006587AF /* IJKPlayer */,
				77402D9A263A64E80003A425 /* Notification & Userdefault */,
				30AD8F6F261F0C8F006FA2B8 /* HitTest */,
				30AD8F56261EF332006FA2B8 /* Notification */,
				30C3D2E126021260003CBC13 /* MutiScrollView */,
				30C3D2D325FA236E003CBC13 /* MethodMsgSend */,
				30702832249C62AE000C5384 /* RunLoop */,
				308F962425F5F70C0051A225 /* Category */,
				3053042D25B12BF600748F50 /* Timer */,
				30B8FF64259C1ECE0016D995 /* Block */,
				30DD8B422590879E00E49AD9 /* SuanFa */,
				30DD8B35258B2ED100E49AD9 /* AutoreleasePool */,
				30754B84257F717800398CA3 /* WKWebView */,
				3097574A2574E81C00A3E2CA /* Mutil-Threading */,
				30D2E5D02570DB52001EFB02 /* AlertController */,
				30D2E5C3256F4887001EFB02 /* TransitionAnimate */,
				3034EFC2255B7FFC001084AC /* TableViewRefresh */,
				3070283F24A474D0000C5384 /* DynamicBehavior */,
				3070283B249CB31C000C5384 /* BSNotifacation_KVO */,
			);
			path = DemoGroup;
			sourceTree = "<group>";
		};
		3053042D25B12BF600748F50 /* Timer */ = {
			isa = PBXGroup;
			children = (
				3053042E25B12C0400748F50 /* BSTimerViewController.h */,
				3053042F25B12C0400748F50 /* BSTimerViewController.m */,
			);
			path = Timer;
			sourceTree = "<group>";
		};
		30702832249C62AE000C5384 /* RunLoop */ = {
			isa = PBXGroup;
			children = (
				30702835249C62F7000C5384 /* BSStudyObjcController.h */,
				30702836249C62F7000C5384 /* BSStudyObjcController.m */,
			);
			path = RunLoop;
			sourceTree = "<group>";
		};
		30702834249C62D0000C5384 /* Model */ = {
			isa = PBXGroup;
			children = (
				30702838249C695C000C5384 /* BSObjcPerson.h */,
				30702839249C695C000C5384 /* BSObjcPerson.m */,
			);
			path = Model;
			sourceTree = "<group>";
		};
		3070283B249CB31C000C5384 /* BSNotifacation_KVO */ = {
			isa = PBXGroup;
			children = (
				30DD8B30258B2C4100E49AD9 /* BSNotifacation */,
				30702834249C62D0000C5384 /* Model */,
				30DD8B29258B2B6600E49AD9 /* BSKVOTestController.h */,
				30DD8B2A258B2B6600E49AD9 /* BSKVOTestController.m */,
			);
			path = BSNotifacation_KVO;
			sourceTree = "<group>";
		};
		3070283F24A474D0000C5384 /* DynamicBehavior */ = {
			isa = PBXGroup;
			children = (
				3070284024A474F9000C5384 /* BSDynamicBehavior.h */,
				3070284124A474F9000C5384 /* BSDynamicBehavior.m */,
				30CF1AC128BDBBF0007E2159 /* NSAnimateView.h */,
				30CF1AC228BDBBF0007E2159 /* NSAnimateView.m */,
			);
			path = DynamicBehavior;
			sourceTree = "<group>";
		};
		30754B84257F717800398CA3 /* WKWebView */ = {
			isa = PBXGroup;
			children = (
				30754B8E257F71AE00398CA3 /* BSWebViewController.h */,
				30754B8F257F71AE00398CA3 /* BSWebViewController.m */,
			);
			path = WKWebView;
			sourceTree = "<group>";
		};
		308F962425F5F70C0051A225 /* Category */ = {
			isa = PBXGroup;
			children = (
				308F962525F5F7600051A225 /* BSCategoryOrigin.h */,
				308F962625F5F7600051A225 /* BSCategoryOrigin.m */,
				30CF1AC428C891B4007E2159 /* BSCategryOriginSubClass.h */,
				30CF1AC528C891B4007E2159 /* BSCategryOriginSubClass.m */,
				308F962C25F5F78D0051A225 /* BSCategoryOrigin+Mutimethod.h */,
				308F962D25F5F78D0051A225 /* BSCategoryOrigin+Mutimethod.m */,
				308F963125F5FAA90051A225 /* BSCategoryVC.h */,
				308F963225F5FAA90051A225 /* BSCategoryVC.m */,
			);
			path = Category;
			sourceTree = "<group>";
		};
		3097574A2574E81C00A3E2CA /* Mutil-Threading */ = {
			isa = PBXGroup;
			children = (
				3097574B2574E84100A3E2CA /* BSOperatorController.h */,
				3097574C2574E84100A3E2CA /* BSOperatorController.m */,
			);
			path = "Mutil-Threading";
			sourceTree = "<group>";
		};
		30AD8F56261EF332006FA2B8 /* Notification */ = {
			isa = PBXGroup;
			children = (
				30AD8F57261EF34F006FA2B8 /* BSNotificationVC.h */,
				30AD8F58261EF34F006FA2B8 /* BSNotificationVC.m */,
				30AD8F51261EEBD1006FA2B8 /* NSNotificationCenter+BSNotiCenter.h */,
				30AD8F52261EEBD1006FA2B8 /* NSNotificationCenter+BSNotiCenter.m */,
				30AD8F5E261EF36E006FA2B8 /* BSNotificationPostVC.h */,
				30AD8F5F261EF36E006FA2B8 /* BSNotificationPostVC.m */,
				30AD8F63261EF383006FA2B8 /* BSNotificationObj.h */,
				30AD8F64261EF383006FA2B8 /* BSNotificationObj.m */,
				30AD8F68261EF392006FA2B8 /* BSNotificationView.h */,
				30AD8F69261EF392006FA2B8 /* BSNotificationView.m */,
			);
			path = Notification;
			sourceTree = "<group>";
		};
		30AD8F6F261F0C8F006FA2B8 /* HitTest */ = {
			isa = PBXGroup;
			children = (
				30AD8F70261F0CF8006FA2B8 /* BSResponseChainVC.h */,
				30AD8F71261F0CF8006FA2B8 /* BSResponseChainVC.m */,
				30AD8F77261F0D26006FA2B8 /* BSChainSuperView.h */,
				30AD8F78261F0D26006FA2B8 /* BSChainSuperView.m */,
			);
			path = HitTest;
			sourceTree = "<group>";
		};
		30B8FF64259C1ECE0016D995 /* Block */ = {
			isa = PBXGroup;
			children = (
				30B8FF65259C1EE30016D995 /* BSBlockController.h */,
				30B8FF66259C1EE30016D995 /* BSBlockController.m */,
			);
			path = Block;
			sourceTree = "<group>";
		};
		30C3D2D325FA236E003CBC13 /* MethodMsgSend */ = {
			isa = PBXGroup;
			children = (
				30C3D2D425FA2395003CBC13 /* BSMsgSendForMethod.h */,
				30C3D2D525FA2395003CBC13 /* BSMsgSendForMethod.m */,
			);
			path = MethodMsgSend;
			sourceTree = "<group>";
		};
		30C3D2E126021260003CBC13 /* MutiScrollView */ = {
			isa = PBXGroup;
			children = (
				30AD8F1B261C3A77006FA2B8 /* BSScrollView.h */,
				30AD8F1C261C3A77006FA2B8 /* BSScrollView.m */,
				30AD8F20261C429A006FA2B8 /* BSContainerVC.h */,
				30AD8F21261C429A006FA2B8 /* BSContainerVC.m */,
				30AD8F3D261C5B5A006FA2B8 /* BSChildScrollVC.h */,
				30AD8F3E261C5B5A006FA2B8 /* BSChildScrollVC.m */,
				30AD8F2C261C4319006FA2B8 /* BSRecognizerTableView.h */,
				30AD8F2D261C4319006FA2B8 /* BSRecognizerTableView.m */,
				30AD8F31261C4392006FA2B8 /* BSRecoChildTableView.h */,
				30AD8F32261C4392006FA2B8 /* BSRecoChildTableView.m */,
				30AD8F38261C5975006FA2B8 /* BSClassifyScrollView.h */,
				30AD8F39261C5975006FA2B8 /* BSClassifyScrollView.m */,
			);
			path = MutiScrollView;
			sourceTree = "<group>";
		};
		30D2E5C3256F4887001EFB02 /* TransitionAnimate */ = {
			isa = PBXGroup;
			children = (
				30D2E5C4256F48E7001EFB02 /* BSTransitionController.h */,
				30D2E5C5256F48E7001EFB02 /* BSTransitionController.m */,
				30D2E5C9256F495A001EFB02 /* BSATransitionController.h */,
				30D2E5CA256F495A001EFB02 /* BSATransitionController.m */,
				30D2E5D9257108BF001EFB02 /* BSProtocalController.h */,
				30D2E5DA257108BF001EFB02 /* BSProtocalController.m */,
				77EE7E7126AAAE0A009DE395 /* BSTransitionBoostController.h */,
				77EE7E7226AAAE0A009DE395 /* BSTransitionBoostController.m */,
				77DA8D5326B2615B0034EC86 /* BSTransitionBoostAnimator.h */,
				77DA8D5426B2615B0034EC86 /* BSTransitionBoostAnimator.m */,
			);
			path = TransitionAnimate;
			sourceTree = "<group>";
		};
		30D2E5D02570DB52001EFB02 /* AlertController */ = {
			isa = PBXGroup;
			children = (
				30D2E5D12570DB8A001EFB02 /* BSAlertController.h */,
				30D2E5D22570DB8A001EFB02 /* BSAlertController.m */,
			);
			path = AlertController;
			sourceTree = "<group>";
		};
		30DD8B30258B2C4100E49AD9 /* BSNotifacation */ = {
			isa = PBXGroup;
			children = (
				3070283C249CB35E000C5384 /* BSNotifacation.h */,
				3070283D249CB35E000C5384 /* BSNotifacation.m */,
			);
			path = BSNotifacation;
			sourceTree = "<group>";
		};
		30DD8B35258B2ED100E49AD9 /* AutoreleasePool */ = {
			isa = PBXGroup;
			children = (
				30DD8B36258B2EEB00E49AD9 /* BSAutoreleasePoolController.h */,
				30DD8B37258B2EEB00E49AD9 /* BSAutoreleasePoolController.m */,
			);
			path = AutoreleasePool;
			sourceTree = "<group>";
		};
		30DD8B422590879E00E49AD9 /* SuanFa */ = {
			isa = PBXGroup;
			children = (
				30DD8B44259087C400E49AD9 /* SuanFaRootVC */,
				30DD8B43259087BB00E49AD9 /* Calculation */,
			);
			path = SuanFa;
			sourceTree = "<group>";
		};
		30DD8B43259087BB00E49AD9 /* Calculation */ = {
			isa = PBXGroup;
			children = (
				308F961425F225C80051A225 /* BSFibonacciSequence.h */,
				308F961525F225C80051A225 /* BSFibonacciSequence.m */,
				30DD8B4C25908D7400E49AD9 /* BSHuiwenStr.h */,
				30DD8B4D25908D7400E49AD9 /* BSHuiwenStr.m */,
				30B8FF5F259B3A2F0016D995 /* BSMaxHundredNumber.h */,
				30B8FF60259B3A2F0016D995 /* BSMaxHundredNumber.m */,
				308F961D25F234EB0051A225 /* BSSort.h */,
				308F961E25F234EB0051A225 /* BSSort.m */,
				305D4A0828E9487700845838 /* BSSharesProfit.h */,
				305D4A0928E9487700845838 /* BSSharesProfit.m */,
			);
			path = Calculation;
			sourceTree = "<group>";
		};
		30DD8B44259087C400E49AD9 /* SuanFaRootVC */ = {
			isa = PBXGroup;
			children = (
				30DD8B452590881500E49AD9 /* BSCalculationRoot.h */,
				30DD8B462590881500E49AD9 /* BSCalculationRoot.m */,
			);
			path = SuanFaRootVC;
			sourceTree = "<group>";
		};
		6003F581195388D10070C39A = {
			isa = PBXGroup;
			children = (
				60FF7A9C1954A5C5007DD14C /* Podspec Metadata */,
				6003F593195388D20070C39A /* Example for BSFrameworks */,
				6003F5B5195388D20070C39A /* Tests */,
				6003F58C195388D20070C39A /* Frameworks */,
				6003F58B195388D20070C39A /* Products */,
				C6AB93C6E783B94B37BC5358 /* Pods */,
			);
			sourceTree = "<group>";
		};
		6003F58B195388D20070C39A /* Products */ = {
			isa = PBXGroup;
			children = (
				6003F58A195388D20070C39A /* BSFrameworks_Example.app */,
				6003F5AE195388D20070C39A /* BSFrameworks_Tests.xctest */,
			);
			name = Products;
			sourceTree = "<group>";
		};
		6003F58C195388D20070C39A /* Frameworks */ = {
			isa = PBXGroup;
			children = (
				77B0382E2692B704006587AF /* libbz2.1.0.tbd */,
				77B0382A2692B6F8006587AF /* libz.1.tbd */,
				77B038262692B6EE006587AF /* libiconv.2.tbd */,
				77B038242692B6DE006587AF /* AVFoundation.framework */,
				77B038222692B6D0006587AF /* CoreAudio.framework */,
				77B038202692B6BE006587AF /* CoreVideo.framework */,
				77B0381E2692B6B0006587AF /* CoreMedia.framework */,
				77B0381C2692B6A6006587AF /* VideoToolbox.framework */,
				77B0381A2692B69C006587AF /* AudioToolbox.framework */,
				77B038162692B671006587AF /* libc++.1.tbd */,
				301C486B25A30CC800F26CC3 /* libc++.tbd */,
				6003F58D195388D20070C39A /* Foundation.framework */,
				6003F58F195388D20070C39A /* CoreGraphics.framework */,
				6003F591195388D20070C39A /* UIKit.framework */,
				86E1A6FCE0EBB94E5DE654AA /* libPods-BSFrameworks_Example.a */,
				500ABBCEB65B426736B93CF8 /* libPods-BSFrameworks_Tests.a */,
			);
			name = Frameworks;
			sourceTree = "<group>";
		};
		6003F593195388D20070C39A /* Example for BSFrameworks */ = {
			isa = PBXGroup;
			children = (
				30253546247786A900669C27 /* AppDelegate */,
				30494A2B2485E3EF002DBC8D /* Root */,
				30494A2C2485E41B002DBC8D /* Function */,
				6003F594195388D20070C39A /* Supporting Files */,
			);
			name = "Example for BSFrameworks";
			path = BSFrameworks;
			sourceTree = "<group>";
		};
		6003F594195388D20070C39A /* Supporting Files */ = {
			isa = PBXGroup;
			children = (
				77DA8D6926B406C00034EC86 /* time@2x.png */,
				77DA8D6526B406B40034EC86 /* 签到入口.png */,
				77DA8D6126B406AB0034EC86 /* 标题装饰.png */,
				30D8BA7225480B7C00275C1A /* test1.mp4 */,
				30D8BA6C2548099000275C1A /* test.mp4 */,
				873B8AEA1B1F5CCA007FD442 /* Main.storyboard */,
				71719F9D1E33DC2100824A3D /* LaunchScreen.storyboard */,
				6003F5A8195388D20070C39A /* Images.xcassets */,
				6003F595195388D20070C39A /* BSFrameworks-Info.plist */,
				6003F596195388D20070C39A /* InfoPlist.strings */,
				6003F599195388D20070C39A /* main.m */,
				6003F59B195388D20070C39A /* BSFrameworks-Prefix.pch */,
			);
			name = "Supporting Files";
			sourceTree = "<group>";
		};
		6003F5B5195388D20070C39A /* Tests */ = {
			isa = PBXGroup;
			children = (
				6003F5BB195388D20070C39A /* Tests.m */,
				6003F5B6195388D20070C39A /* Supporting Files */,
			);
			path = Tests;
			sourceTree = "<group>";
		};
		6003F5B6195388D20070C39A /* Supporting Files */ = {
			isa = PBXGroup;
			children = (
				6003F5B7195388D20070C39A /* Tests-Info.plist */,
				6003F5B8195388D20070C39A /* InfoPlist.strings */,
				606FC2411953D9B200FFA9A0 /* Tests-Prefix.pch */,
			);
			name = "Supporting Files";
			sourceTree = "<group>";
		};
		60FF7A9C1954A5C5007DD14C /* Podspec Metadata */ = {
			isa = PBXGroup;
			children = (
				8DB5826B6261A683A85E3741 /* BSFrameworks.podspec */,
				1407A0FF819E0D4257A48958 /* README.md */,
				6F31A20A37F7F47B153DD4F3 /* LICENSE */,
			);
			name = "Podspec Metadata";
			sourceTree = "<group>";
		};
		773236022771BC5C00CBE720 /* JSONTest */ = {
			isa = PBXGroup;
			children = (
				773236082771CF4B00CBE720 /* testjson.json */,
				773236052771BC8800CBE720 /* BSJsonTestVC.h */,
				773236062771BC8800CBE720 /* BSJsonTestVC.m */,
			);
			path = JSONTest;
			sourceTree = "<group>";
		};
		77402D9A263A64E80003A425 /* Notification & Userdefault */ = {
			isa = PBXGroup;
			children = (
				77402D9B263A65BD0003A425 /* BSNotiAndUserdefaultStandard.h */,
				77402D9C263A65BD0003A425 /* BSNotiAndUserdefaultStandard.m */,
			);
			path = "Notification & Userdefault";
			sourceTree = "<group>";
		};
		77B0380A2692B3AF006587AF /* IJKPlayer */ = {
			isa = PBXGroup;
			children = (
				77B0380E2692B3E0006587AF /* Controller */,
				77B0380B2692B3BE006587AF /* framework */,
			);
			path = IJKPlayer;
			sourceTree = "<group>";
		};
		77B0380B2692B3BE006587AF /* framework */ = {
			isa = PBXGroup;
			children = (
			);
			path = framework;
			sourceTree = "<group>";
		};
		77B0380E2692B3E0006587AF /* Controller */ = {
			isa = PBXGroup;
			children = (
				77B038112692B41F006587AF /* BSIKJPlayerController.h */,
				77B038122692B41F006587AF /* BSIKJPlayerController.m */,
			);
			path = Controller;
			sourceTree = "<group>";
		};
		77F312302679EC200062CCF5 /* BSVideoPreLoader */ = {
			isa = PBXGroup;
			children = (
				77F312312679EC370062CCF5 /* ViewController */,
			);
			path = BSVideoPreLoader;
			sourceTree = "<group>";
		};
		77F312312679EC370062CCF5 /* ViewController */ = {
			isa = PBXGroup;
			children = (
				77F312322679EC5A0062CCF5 /* BSVideoPlayerVC.h */,
				77F312332679EC5A0062CCF5 /* BSVideoPlayerVC.m */,
			);
			path = ViewController;
			sourceTree = "<group>";
		};
		C6AB93C6E783B94B37BC5358 /* Pods */ = {
			isa = PBXGroup;
			children = (
				7EF9CD17C5C025348FBB461A /* Pods-BSFrameworks_Example.debug.xcconfig */,
				7DAFF48ABAAB9BB1ECEE86FE /* Pods-BSFrameworks_Example.release.xcconfig */,
				9C57EA256A2BABE18FAABFA8 /* Pods-BSFrameworks_Tests.debug.xcconfig */,
				249890230EA4254D28F53759 /* Pods-BSFrameworks_Tests.release.xcconfig */,
			);
			path = Pods;
			sourceTree = "<group>";
		};
		E4CAA13E29AE1DA800FC922B /* BSSegmentView */ = {
			isa = PBXGroup;
			children = (
				E4CAA14229AE1DC600FC922B /* BSSegmentVC.h */,
				E4CAA14329AE1DC600FC922B /* BSSegmentVC.m */,
			);
			path = BSSegmentView;
			sourceTree = "<group>";
		};
/* End PBXGroup section */

/* Begin PBXNativeTarget section */
		6003F589195388D20070C39A /* BSFrameworks_Example */ = {
			isa = PBXNativeTarget;
			buildConfigurationList = 6003F5BF195388D20070C39A /* Build configuration list for PBXNativeTarget "BSFrameworks_Example" */;
			buildPhases = (
				F08CB3EF3554993F013CF1FB /* [CP] Check Pods Manifest.lock */,
				6003F586195388D20070C39A /* Sources */,
				6003F587195388D20070C39A /* Frameworks */,
				6003F588195388D20070C39A /* Resources */,
				A25080AD2DF269579721E5D4 /* [CP] Copy Pods Resources */,
			);
			buildRules = (
			);
			dependencies = (
			);
			name = BSFrameworks_Example;
			productName = BSFrameworks;
			productReference = 6003F58A195388D20070C39A /* BSFrameworks_Example.app */;
			productType = "com.apple.product-type.application";
		};
		6003F5AD195388D20070C39A /* BSFrameworks_Tests */ = {
			isa = PBXNativeTarget;
			buildConfigurationList = 6003F5C2195388D20070C39A /* Build configuration list for PBXNativeTarget "BSFrameworks_Tests" */;
			buildPhases = (
				A5CD2EF2A5B433E3596D3328 /* [CP] Check Pods Manifest.lock */,
				6003F5AA195388D20070C39A /* Sources */,
				6003F5AB195388D20070C39A /* Frameworks */,
				6003F5AC195388D20070C39A /* Resources */,
			);
			buildRules = (
			);
			dependencies = (
				6003F5B4195388D20070C39A /* PBXTargetDependency */,
			);
			name = BSFrameworks_Tests;
			productName = BSFrameworksTests;
			productReference = 6003F5AE195388D20070C39A /* BSFrameworks_Tests.xctest */;
			productType = "com.apple.product-type.bundle.unit-test";
		};
/* End PBXNativeTarget section */

/* Begin PBXProject section */
		6003F582195388D10070C39A /* Project object */ = {
			isa = PBXProject;
			attributes = {
				CLASSPREFIX = BS;
				LastUpgradeCheck = 1140;
				ORGANIZATIONNAME = "blackstar_lang@163.com";
				TargetAttributes = {
					6003F589195388D20070C39A = {
						DevelopmentTeam = JTNG93AQ4G;
						ProvisioningStyle = Manual;
					};
					6003F5AD195388D20070C39A = {
						DevelopmentTeam = HM87X6XBD5;
						TestTargetID = 6003F589195388D20070C39A;
					};
				};
			};
			buildConfigurationList = 6003F585195388D10070C39A /* Build configuration list for PBXProject "BSFrameworks" */;
			compatibilityVersion = "Xcode 3.2";
			developmentRegion = English;
			hasScannedForEncodings = 0;
			knownRegions = (
				English,
				en,
				Base,
			);
			mainGroup = 6003F581195388D10070C39A;
			productRefGroup = 6003F58B195388D20070C39A /* Products */;
			projectDirPath = "";
			projectRoot = "";
			targets = (
				6003F589195388D20070C39A /* BSFrameworks_Example */,
				6003F5AD195388D20070C39A /* BSFrameworks_Tests */,
			);
		};
/* End PBXProject section */

/* Begin PBXResourcesBuildPhase section */
		6003F588195388D20070C39A /* Resources */ = {
			isa = PBXResourcesBuildPhase;
			buildActionMask = 2147483647;
			files = (
				873B8AEB1B1F5CCA007FD442 /* Main.storyboard in Resources */,
				77DA8D6626B406B40034EC86 /* 签到入口.png in Resources */,
				71719F9F1E33DC2100824A3D /* LaunchScreen.storyboard in Resources */,
				77DA8D6A26B406C00034EC86 /* time@2x.png in Resources */,
				6003F5A9195388D20070C39A /* Images.xcassets in Resources */,
				30D8BA6D2548099000275C1A /* test.mp4 in Resources */,
				6003F598195388D20070C39A /* InfoPlist.strings in Resources */,
				30D8BA7325480B7C00275C1A /* test1.mp4 in Resources */,
				773236092771CF4B00CBE720 /* testjson.json in Resources */,
				77DA8D6226B406AB0034EC86 /* 标题装饰.png in Resources */,
			);
			runOnlyForDeploymentPostprocessing = 0;
		};
		6003F5AC195388D20070C39A /* Resources */ = {
			isa = PBXResourcesBuildPhase;
			buildActionMask = 2147483647;
			files = (
				6003F5BA195388D20070C39A /* InfoPlist.strings in Resources */,
			);
			runOnlyForDeploymentPostprocessing = 0;
		};
/* End PBXResourcesBuildPhase section */

/* Begin PBXShellScriptBuildPhase section */
		A25080AD2DF269579721E5D4 /* [CP] Copy Pods Resources */ = {
			isa = PBXShellScriptBuildPhase;
			buildActionMask = 2147483647;
			files = (
			);
			inputPaths = (
				"${PODS_ROOT}/Target Support Files/Pods-BSFrameworks_Example/Pods-BSFrameworks_Example-resources.sh",
				"${PODS_ROOT}/../../BSFrameworks/Assets/PhotoFramework/img_preview_select.png",
				"${PODS_ROOT}/../../BSFrameworks/Assets/PhotoFramework/img_preview_unselect.png",
				"${PODS_ROOT}/../../BSFrameworks/Assets/PhotoFramework/img_select.png",
				"${PODS_ROOT}/../../BSFrameworks/Assets/PhotoFramework/img_unselect.png",
				"${PODS_ROOT}/../../BSFrameworks/Assets/PhotoFramework/navi_back@2x.png",
				"${PODS_ROOT}/../../BSFrameworks/Assets/PhotoFramework/photo_camera_back.png",
				"${PODS_ROOT}/../../BSFrameworks/Assets/PhotoFramework/photo_camera_icon@2x.png",
				"${PODS_ROOT}/../../BSFrameworks/Assets/PhotoFramework/photo_camera_icon@3x.png",
				"${PODS_ROOT}/../../BSFrameworks/Assets/PhotoFramework/photo_camera_light_auto.png",
				"${PODS_ROOT}/../../BSFrameworks/Assets/PhotoFramework/photo_camera_light_off.png",
				"${PODS_ROOT}/../../BSFrameworks/Assets/PhotoFramework/photo_camera_light_on.png",
				"${PODS_ROOT}/../../BSFrameworks/Assets/PhotoFramework/photo_camera_next.png",
				"${PODS_ROOT}/../../BSFrameworks/Assets/PhotoFramework/photo_camera_selfie.png",
				"${PODS_ROOT}/../../BSFrameworks/Assets/PhotoFramework/photo_camera_take.png",
				"${PODS_ROOT}/../../BSFrameworks/Assets/PhotoFramework/photo_number_icon@2x.png",
				"${PODS_ROOT}/../../BSFrameworks/Assets/PhotoFramework/photo_original_def@2x.png",
				"${PODS_ROOT}/../../BSFrameworks/Assets/PhotoFramework/photo_original_sel@2x.png",
				"${PODS_ROOT}/../../BSFrameworks/Assets/PhotoFramework/preview_number_icon@2x.png",
				"${PODS_ROOT}/../../BSFrameworks/Assets/PhotoFramework/preview_original_def@2x.png",
				"${PODS_ROOT}/../../BSFrameworks/Assets/PhotoFramework/preview_video_display@2x.png",
				"${PODS_ROOT}/../../BSFrameworks/Assets/PhotoFramework/preview_video_play@2x.png",
				"${PODS_ROOT}/MJRefresh/MJRefresh/MJRefresh.bundle",
				"${PODS_ROOT}/TZImagePickerController/TZImagePickerController/TZImagePickerController/TZImagePickerController.bundle",
			);
			name = "[CP] Copy Pods Resources";
			outputPaths = (
				"${TARGET_BUILD_DIR}/${UNLOCALIZED_RESOURCES_FOLDER_PATH}/img_preview_select.png",
				"${TARGET_BUILD_DIR}/${UNLOCALIZED_RESOURCES_FOLDER_PATH}/img_preview_unselect.png",
				"${TARGET_BUILD_DIR}/${UNLOCALIZED_RESOURCES_FOLDER_PATH}/img_select.png",
				"${TARGET_BUILD_DIR}/${UNLOCALIZED_RESOURCES_FOLDER_PATH}/img_unselect.png",
				"${TARGET_BUILD_DIR}/${UNLOCALIZED_RESOURCES_FOLDER_PATH}/navi_back@2x.png",
				"${TARGET_BUILD_DIR}/${UNLOCALIZED_RESOURCES_FOLDER_PATH}/photo_camera_back.png",
				"${TARGET_BUILD_DIR}/${UNLOCALIZED_RESOURCES_FOLDER_PATH}/photo_camera_icon@2x.png",
				"${TARGET_BUILD_DIR}/${UNLOCALIZED_RESOURCES_FOLDER_PATH}/photo_camera_icon@3x.png",
				"${TARGET_BUILD_DIR}/${UNLOCALIZED_RESOURCES_FOLDER_PATH}/photo_camera_light_auto.png",
				"${TARGET_BUILD_DIR}/${UNLOCALIZED_RESOURCES_FOLDER_PATH}/photo_camera_light_off.png",
				"${TARGET_BUILD_DIR}/${UNLOCALIZED_RESOURCES_FOLDER_PATH}/photo_camera_light_on.png",
				"${TARGET_BUILD_DIR}/${UNLOCALIZED_RESOURCES_FOLDER_PATH}/photo_camera_next.png",
				"${TARGET_BUILD_DIR}/${UNLOCALIZED_RESOURCES_FOLDER_PATH}/photo_camera_selfie.png",
				"${TARGET_BUILD_DIR}/${UNLOCALIZED_RESOURCES_FOLDER_PATH}/photo_camera_take.png",
				"${TARGET_BUILD_DIR}/${UNLOCALIZED_RESOURCES_FOLDER_PATH}/photo_number_icon@2x.png",
				"${TARGET_BUILD_DIR}/${UNLOCALIZED_RESOURCES_FOLDER_PATH}/photo_original_def@2x.png",
				"${TARGET_BUILD_DIR}/${UNLOCALIZED_RESOURCES_FOLDER_PATH}/photo_original_sel@2x.png",
				"${TARGET_BUILD_DIR}/${UNLOCALIZED_RESOURCES_FOLDER_PATH}/preview_number_icon@2x.png",
				"${TARGET_BUILD_DIR}/${UNLOCALIZED_RESOURCES_FOLDER_PATH}/preview_original_def@2x.png",
				"${TARGET_BUILD_DIR}/${UNLOCALIZED_RESOURCES_FOLDER_PATH}/preview_video_display@2x.png",
				"${TARGET_BUILD_DIR}/${UNLOCALIZED_RESOURCES_FOLDER_PATH}/preview_video_play@2x.png",
				"${TARGET_BUILD_DIR}/${UNLOCALIZED_RESOURCES_FOLDER_PATH}/MJRefresh.bundle",
				"${TARGET_BUILD_DIR}/${UNLOCALIZED_RESOURCES_FOLDER_PATH}/TZImagePickerController.bundle",
			);
			runOnlyForDeploymentPostprocessing = 0;
			shellPath = /bin/sh;
			shellScript = "\"${PODS_ROOT}/Target Support Files/Pods-BSFrameworks_Example/Pods-BSFrameworks_Example-resources.sh\"\n";
			showEnvVarsInLog = 0;
		};
		A5CD2EF2A5B433E3596D3328 /* [CP] Check Pods Manifest.lock */ = {
			isa = PBXShellScriptBuildPhase;
			buildActionMask = 2147483647;
			files = (
			);
			inputFileListPaths = (
			);
			inputPaths = (
				"${PODS_PODFILE_DIR_PATH}/Podfile.lock",
				"${PODS_ROOT}/Manifest.lock",
			);
			name = "[CP] Check Pods Manifest.lock";
			outputFileListPaths = (
			);
			outputPaths = (
				"$(DERIVED_FILE_DIR)/Pods-BSFrameworks_Tests-checkManifestLockResult.txt",
			);
			runOnlyForDeploymentPostprocessing = 0;
			shellPath = /bin/sh;
			shellScript = "diff \"${PODS_PODFILE_DIR_PATH}/Podfile.lock\" \"${PODS_ROOT}/Manifest.lock\" > /dev/null\nif [ $? != 0 ] ; then\n    # print error to STDERR\n    echo \"error: The sandbox is not in sync with the Podfile.lock. Run 'pod install' or update your CocoaPods installation.\" >&2\n    exit 1\nfi\n# This output is used by Xcode 'outputs' to avoid re-running this script phase.\necho \"SUCCESS\" > \"${SCRIPT_OUTPUT_FILE_0}\"\n";
			showEnvVarsInLog = 0;
		};
		F08CB3EF3554993F013CF1FB /* [CP] Check Pods Manifest.lock */ = {
			isa = PBXShellScriptBuildPhase;
			buildActionMask = 2147483647;
			files = (
			);
			inputFileListPaths = (
			);
			inputPaths = (
				"${PODS_PODFILE_DIR_PATH}/Podfile.lock",
				"${PODS_ROOT}/Manifest.lock",
			);
			name = "[CP] Check Pods Manifest.lock";
			outputFileListPaths = (
			);
			outputPaths = (
				"$(DERIVED_FILE_DIR)/Pods-BSFrameworks_Example-checkManifestLockResult.txt",
			);
			runOnlyForDeploymentPostprocessing = 0;
			shellPath = /bin/sh;
			shellScript = "diff \"${PODS_PODFILE_DIR_PATH}/Podfile.lock\" \"${PODS_ROOT}/Manifest.lock\" > /dev/null\nif [ $? != 0 ] ; then\n    # print error to STDERR\n    echo \"error: The sandbox is not in sync with the Podfile.lock. Run 'pod install' or update your CocoaPods installation.\" >&2\n    exit 1\nfi\n# This output is used by Xcode 'outputs' to avoid re-running this script phase.\necho \"SUCCESS\" > \"${SCRIPT_OUTPUT_FILE_0}\"\n";
			showEnvVarsInLog = 0;
		};
/* End PBXShellScriptBuildPhase section */

/* Begin PBXSourcesBuildPhase section */
		6003F586195388D20070C39A /* Sources */ = {
			isa = PBXSourcesBuildPhase;
			buildActionMask = 2147483647;
			files = (
				30AD8F65261EF383006FA2B8 /* BSNotificationObj.m in Sources */,
				30B8FF67259C1EE30016D995 /* BSBlockController.m in Sources */,
				30DD8B38258B2EEB00E49AD9 /* BSAutoreleasePoolController.m in Sources */,
				30AD8F3F261C5B5A006FA2B8 /* BSChildScrollVC.m in Sources */,
				30D2E5DB257108BF001EFB02 /* BSProtocalController.m in Sources */,
				30AE96832488FEC6009A43FB /* BSRootCell.m in Sources */,
				30754B90257F71AE00398CA3 /* BSWebViewController.m in Sources */,
				302E4C5D2612C2F4005A4E2A /* BSSocketViewController.m in Sources */,
				30CF1AC628C891B4007E2159 /* BSCategryOriginSubClass.m in Sources */,
				77402D9D263A65BD0003A425 /* BSNotiAndUserdefaultStandard.m in Sources */,
				30494A382485E7FD002DBC8D /* BSFunctionModel.m in Sources */,
				30D2E5C6256F48E7001EFB02 /* BSTransitionController.m in Sources */,
				30DD8B4E25908D7400E49AD9 /* BSHuiwenStr.m in Sources */,
				30AD8F72261F0CF8006FA2B8 /* BSResponseChainVC.m in Sources */,
				305303B125A5B53400748F50 /* BSSubFuncListController.m in Sources */,
				30702837249C62F7000C5384 /* BSStudyObjcController.m in Sources */,
				30AD8F1D261C3A77006FA2B8 /* BSScrollView.m in Sources */,
				6003F59E195388D20070C39A /* BSAppDelegate.m in Sources */,
				30AD8F33261C4392006FA2B8 /* BSRecoChildTableView.m in Sources */,
				30AD8F3A261C5975006FA2B8 /* BSClassifyScrollView.m in Sources */,
				30D2E5D32570DB8A001EFB02 /* BSAlertController.m in Sources */,
				30DD8B2B258B2B6600E49AD9 /* BSKVOTestController.m in Sources */,
				77DA8D5526B2615B0034EC86 /* BSTransitionBoostAnimator.m in Sources */,
				308F961625F225C80051A225 /* BSFibonacciSequence.m in Sources */,
				3025354C2477CD7B00669C27 /* BSCollectionViewCell.m in Sources */,
				30AD8F2E261C4319006FA2B8 /* BSRecognizerTableView.m in Sources */,
				30CF1AC328BDBBF0007E2159 /* NSAnimateView.m in Sources */,
				6003F5A7195388D20070C39A /* BSViewController.m in Sources */,
				3070283E249CB35E000C5384 /* BSNotifacation.m in Sources */,
				30AE963C2488977E009A43FB /* BSPhotoVC.m in Sources */,
				308F962725F5F7600051A225 /* BSCategoryOrigin.m in Sources */,
				308F961F25F234EB0051A225 /* BSSort.m in Sources */,
				30D2E5CB256F495A001EFB02 /* BSATransitionController.m in Sources */,
				E4CAA14429AE1DC600FC922B /* BSSegmentVC.m in Sources */,
				3034EFF4255B8922001084AC /* BSRefreshController.m in Sources */,
				77EE7E7326AAAE0A009DE395 /* BSTransitionBoostController.m in Sources */,
				30AD8F60261EF36E006FA2B8 /* BSNotificationPostVC.m in Sources */,
				30B8FF61259B3A2F0016D995 /* BSMaxHundredNumber.m in Sources */,
				30C3D2D625FA2395003CBC13 /* BSMsgSendForMethod.m in Sources */,
				30DD8B3F258B4A8D00E49AD9 /* UIViewController+WhiteController.m in Sources */,
				3070284224A474F9000C5384 /* BSDynamicBehavior.m in Sources */,
				305D4A0A28E9487700845838 /* BSSharesProfit.m in Sources */,
				301C651027C65D3B00490377 /* BSButtonEdgeInsetsVC.m in Sources */,
				77B038132692B41F006587AF /* BSIKJPlayerController.m in Sources */,
				30AD8F53261EEBD1006FA2B8 /* NSNotificationCenter+BSNotiCenter.m in Sources */,
				30DD8B472590881500E49AD9 /* BSCalculationRoot.m in Sources */,
				3053043025B12C0400748F50 /* BSTimerViewController.m in Sources */,
				6003F59A195388D20070C39A /* main.m in Sources */,
				30494A302485E55A002DBC8D /* BSLooperViewVC.m in Sources */,
				30AD8F22261C429A006FA2B8 /* BSContainerVC.m in Sources */,
				3070283A249C695C000C5384 /* BSObjcPerson.m in Sources */,
				308F962E25F5F78D0051A225 /* BSCategoryOrigin+Mutimethod.m in Sources */,
				77F312342679EC5A0062CCF5 /* BSVideoPlayerVC.m in Sources */,
				30AD8F6A261EF392006FA2B8 /* BSNotificationView.m in Sources */,
				3097574D2574E84100A3E2CA /* BSOperatorController.m in Sources */,
				308F963325F5FAA90051A225 /* BSCategoryVC.m in Sources */,
				773236072771BC8800CBE720 /* BSJsonTestVC.m in Sources */,
				30AD8F59261EF34F006FA2B8 /* BSNotificationVC.m in Sources */,
				30AD8F79261F0D26006FA2B8 /* BSChainSuperView.m in Sources */,
			);
			runOnlyForDeploymentPostprocessing = 0;
		};
		6003F5AA195388D20070C39A /* Sources */ = {
			isa = PBXSourcesBuildPhase;
			buildActionMask = 2147483647;
			files = (
				6003F5BC195388D20070C39A /* Tests.m in Sources */,
			);
			runOnlyForDeploymentPostprocessing = 0;
		};
/* End PBXSourcesBuildPhase section */

/* Begin PBXTargetDependency section */
		6003F5B4195388D20070C39A /* PBXTargetDependency */ = {
			isa = PBXTargetDependency;
			target = 6003F589195388D20070C39A /* BSFrameworks_Example */;
			targetProxy = 6003F5B3195388D20070C39A /* PBXContainerItemProxy */;
		};
/* End PBXTargetDependency section */

/* Begin PBXVariantGroup section */
		6003F596195388D20070C39A /* InfoPlist.strings */ = {
			isa = PBXVariantGroup;
			children = (
				6003F597195388D20070C39A /* en */,
			);
			name = InfoPlist.strings;
			sourceTree = "<group>";
		};
		6003F5B8195388D20070C39A /* InfoPlist.strings */ = {
			isa = PBXVariantGroup;
			children = (
				6003F5B9195388D20070C39A /* en */,
			);
			name = InfoPlist.strings;
			sourceTree = "<group>";
		};
		71719F9D1E33DC2100824A3D /* LaunchScreen.storyboard */ = {
			isa = PBXVariantGroup;
			children = (
				71719F9E1E33DC2100824A3D /* Base */,
			);
			name = LaunchScreen.storyboard;
			sourceTree = "<group>";
		};
/* End PBXVariantGroup section */

/* Begin XCBuildConfiguration section */
		6003F5BD195388D20070C39A /* Debug */ = {
			isa = XCBuildConfiguration;
			buildSettings = {
				ALWAYS_SEARCH_USER_PATHS = NO;
				CLANG_ANALYZER_LOCALIZABILITY_NONLOCALIZED = YES;
				CLANG_CXX_LANGUAGE_STANDARD = "gnu++0x";
				CLANG_CXX_LIBRARY = "libc++";
				CLANG_ENABLE_MODULES = YES;
				CLANG_ENABLE_OBJC_ARC = YES;
				CLANG_WARN_BLOCK_CAPTURE_AUTORELEASING = YES;
				CLANG_WARN_BOOL_CONVERSION = YES;
				CLANG_WARN_COMMA = YES;
				CLANG_WARN_CONSTANT_CONVERSION = YES;
				CLANG_WARN_DEPRECATED_OBJC_IMPLEMENTATIONS = YES;
				CLANG_WARN_DIRECT_OBJC_ISA_USAGE = YES_ERROR;
				CLANG_WARN_EMPTY_BODY = YES;
				CLANG_WARN_ENUM_CONVERSION = YES;
				CLANG_WARN_INFINITE_RECURSION = YES;
				CLANG_WARN_INT_CONVERSION = YES;
				CLANG_WARN_NON_LITERAL_NULL_CONVERSION = YES;
				CLANG_WARN_OBJC_IMPLICIT_RETAIN_SELF = YES;
				CLANG_WARN_OBJC_LITERAL_CONVERSION = YES;
				CLANG_WARN_OBJC_ROOT_CLASS = YES_ERROR;
				CLANG_WARN_RANGE_LOOP_ANALYSIS = YES;
				CLANG_WARN_STRICT_PROTOTYPES = YES;
				CLANG_WARN_SUSPICIOUS_MOVE = YES;
				CLANG_WARN_UNREACHABLE_CODE = YES;
				CLANG_WARN__DUPLICATE_METHOD_MATCH = YES;
				"CODE_SIGN_IDENTITY[sdk=iphoneos*]" = "iPhone Developer";
				COPY_PHASE_STRIP = NO;
				ENABLE_STRICT_OBJC_MSGSEND = YES;
				ENABLE_TESTABILITY = YES;
				GCC_C_LANGUAGE_STANDARD = gnu99;
				GCC_DYNAMIC_NO_PIC = NO;
				GCC_NO_COMMON_BLOCKS = YES;
				GCC_OPTIMIZATION_LEVEL = 0;
				GCC_PREPROCESSOR_DEFINITIONS = (
					"DEBUG=1",
					"$(inherited)",
				);
				GCC_SYMBOLS_PRIVATE_EXTERN = NO;
				GCC_WARN_64_TO_32_BIT_CONVERSION = YES;
				GCC_WARN_ABOUT_RETURN_TYPE = YES_ERROR;
				GCC_WARN_UNDECLARED_SELECTOR = YES;
				GCC_WARN_UNINITIALIZED_AUTOS = YES_AGGRESSIVE;
				GCC_WARN_UNUSED_FUNCTION = YES;
				GCC_WARN_UNUSED_VARIABLE = YES;
				IPHONEOS_DEPLOYMENT_TARGET = 9.3;
				ONLY_ACTIVE_ARCH = YES;
				SDKROOT = iphoneos;
				TARGETED_DEVICE_FAMILY = "1,2";
			};
			name = Debug;
		};
		6003F5BE195388D20070C39A /* Release */ = {
			isa = XCBuildConfiguration;
			buildSettings = {
				ALWAYS_SEARCH_USER_PATHS = NO;
				CLANG_ANALYZER_LOCALIZABILITY_NONLOCALIZED = YES;
				CLANG_CXX_LANGUAGE_STANDARD = "gnu++0x";
				CLANG_CXX_LIBRARY = "libc++";
				CLANG_ENABLE_MODULES = YES;
				CLANG_ENABLE_OBJC_ARC = YES;
				CLANG_WARN_BLOCK_CAPTURE_AUTORELEASING = YES;
				CLANG_WARN_BOOL_CONVERSION = YES;
				CLANG_WARN_COMMA = YES;
				CLANG_WARN_CONSTANT_CONVERSION = YES;
				CLANG_WARN_DEPRECATED_OBJC_IMPLEMENTATIONS = YES;
				CLANG_WARN_DIRECT_OBJC_ISA_USAGE = YES_ERROR;
				CLANG_WARN_EMPTY_BODY = YES;
				CLANG_WARN_ENUM_CONVERSION = YES;
				CLANG_WARN_INFINITE_RECURSION = YES;
				CLANG_WARN_INT_CONVERSION = YES;
				CLANG_WARN_NON_LITERAL_NULL_CONVERSION = YES;
				CLANG_WARN_OBJC_IMPLICIT_RETAIN_SELF = YES;
				CLANG_WARN_OBJC_LITERAL_CONVERSION = YES;
				CLANG_WARN_OBJC_ROOT_CLASS = YES_ERROR;
				CLANG_WARN_RANGE_LOOP_ANALYSIS = YES;
				CLANG_WARN_STRICT_PROTOTYPES = YES;
				CLANG_WARN_SUSPICIOUS_MOVE = YES;
				CLANG_WARN_UNREACHABLE_CODE = YES;
				CLANG_WARN__DUPLICATE_METHOD_MATCH = YES;
				"CODE_SIGN_IDENTITY[sdk=iphoneos*]" = "iPhone Developer";
				COPY_PHASE_STRIP = YES;
				ENABLE_NS_ASSERTIONS = NO;
				ENABLE_STRICT_OBJC_MSGSEND = YES;
				GCC_C_LANGUAGE_STANDARD = gnu99;
				GCC_NO_COMMON_BLOCKS = YES;
				GCC_WARN_64_TO_32_BIT_CONVERSION = YES;
				GCC_WARN_ABOUT_RETURN_TYPE = YES_ERROR;
				GCC_WARN_UNDECLARED_SELECTOR = YES;
				GCC_WARN_UNINITIALIZED_AUTOS = YES_AGGRESSIVE;
				GCC_WARN_UNUSED_FUNCTION = YES;
				GCC_WARN_UNUSED_VARIABLE = YES;
				IPHONEOS_DEPLOYMENT_TARGET = 9.3;
				SDKROOT = iphoneos;
				TARGETED_DEVICE_FAMILY = "1,2";
				VALIDATE_PRODUCT = YES;
			};
			name = Release;
		};
		6003F5C0195388D20070C39A /* Debug */ = {
			isa = XCBuildConfiguration;
			baseConfigurationReference = 7EF9CD17C5C025348FBB461A /* Pods-BSFrameworks_Example.debug.xcconfig */;
			buildSettings = {
				ALWAYS_SEARCH_USER_PATHS = NO;
				ASSETCATALOG_COMPILER_APPICON_NAME = AppIcon;
				CODE_SIGN_IDENTITY = "Apple Development";
				"CODE_SIGN_IDENTITY[sdk=iphoneos*]" = "iPhone Developer";
				CODE_SIGN_STYLE = Manual;
				DEVELOPMENT_TEAM = "";
				"DEVELOPMENT_TEAM[sdk=iphoneos*]" = JTNG93AQ4G;
				ENABLE_STRICT_OBJC_MSGSEND = NO;
				FRAMEWORK_SEARCH_PATHS = (
					"$(inherited)",
					"$(PROJECT_DIR)/BSFrameworks/Function/DemoGroup/IJKPlayer/framework",
					"$(PROJECT_DIR)/BSFrameworks/Function/DemoGroup/IJKPlayer/framework",
				);
				GCC_PRECOMPILE_PREFIX_HEADER = YES;
				GCC_PREFIX_HEADER = "BSFrameworks/BSFrameworks-Prefix.pch";
				INFOPLIST_FILE = "BSFrameworks/BSFrameworks-Info.plist";
				IPHONEOS_DEPLOYMENT_TARGET = 11;
				LIBRARY_SEARCH_PATHS = (
					"$(inherited)",
					"$(PROJECT_DIR)/BSFrameworks/Function/DemoGroup/IJKPlayer/framework",
				);
				MODULE_NAME = ExampleApp;
				PRODUCT_BUNDLE_IDENTIFIER = com.zongheng.ZongHeng;
				PRODUCT_NAME = "$(TARGET_NAME)";
				PROVISIONING_PROFILE_SPECIFIER = "";
				"PROVISIONING_PROFILE_SPECIFIER[sdk=iphoneos*]" = ZongHeng_Profile_Dev;
				SWIFT_VERSION = 4.0;
				WRAPPER_EXTENSION = app;
			};
			name = Debug;
		};
		6003F5C1195388D20070C39A /* Release */ = {
			isa = XCBuildConfiguration;
			baseConfigurationReference = 7DAFF48ABAAB9BB1ECEE86FE /* Pods-BSFrameworks_Example.release.xcconfig */;
			buildSettings = {
				ALWAYS_SEARCH_USER_PATHS = NO;
				ASSETCATALOG_COMPILER_APPICON_NAME = AppIcon;
				CODE_SIGN_IDENTITY = "Apple Development";
				"CODE_SIGN_IDENTITY[sdk=iphoneos*]" = "iPhone Developer";
				CODE_SIGN_STYLE = Manual;
				DEVELOPMENT_TEAM = "";
				"DEVELOPMENT_TEAM[sdk=iphoneos*]" = JTNG93AQ4G;
				ENABLE_STRICT_OBJC_MSGSEND = NO;
				FRAMEWORK_SEARCH_PATHS = (
					"$(inherited)",
					"$(PROJECT_DIR)/BSFrameworks/Function/DemoGroup/IJKPlayer/framework",
					"$(PROJECT_DIR)/BSFrameworks/Function/DemoGroup/IJKPlayer/framework",
				);
				GCC_PRECOMPILE_PREFIX_HEADER = YES;
				GCC_PREFIX_HEADER = "BSFrameworks/BSFrameworks-Prefix.pch";
				INFOPLIST_FILE = "BSFrameworks/BSFrameworks-Info.plist";
				IPHONEOS_DEPLOYMENT_TARGET = 11;
				LIBRARY_SEARCH_PATHS = (
					"$(inherited)",
					"$(PROJECT_DIR)/BSFrameworks/Function/DemoGroup/IJKPlayer/framework",
				);
				MODULE_NAME = ExampleApp;
				PRODUCT_BUNDLE_IDENTIFIER = com.zongheng.ZongHeng;
				PRODUCT_NAME = "$(TARGET_NAME)";
				PROVISIONING_PROFILE_SPECIFIER = "";
				"PROVISIONING_PROFILE_SPECIFIER[sdk=iphoneos*]" = ZongHeng_Profile_Dev;
				SWIFT_VERSION = 4.0;
				WRAPPER_EXTENSION = app;
			};
			name = Release;
		};
		6003F5C3195388D20070C39A /* Debug */ = {
			isa = XCBuildConfiguration;
			baseConfigurationReference = 9C57EA256A2BABE18FAABFA8 /* Pods-BSFrameworks_Tests.debug.xcconfig */;
			buildSettings = {
				BUNDLE_LOADER = "$(TEST_HOST)";
				DEVELOPMENT_TEAM = HM87X6XBD5;
				FRAMEWORK_SEARCH_PATHS = (
					"$(PLATFORM_DIR)/Developer/Library/Frameworks",
					"$(inherited)",
					"$(DEVELOPER_FRAMEWORKS_DIR)",
				);
				GCC_PRECOMPILE_PREFIX_HEADER = YES;
				GCC_PREFIX_HEADER = "Tests/Tests-Prefix.pch";
				GCC_PREPROCESSOR_DEFINITIONS = (
					"DEBUG=1",
					"$(inherited)",
				);
				INFOPLIST_FILE = "Tests/Tests-Info.plist";
				PRODUCT_BUNDLE_IDENTIFIER = "org.cocoapods.demo.${PRODUCT_NAME:rfc1034identifier}";
				PRODUCT_NAME = "$(TARGET_NAME)";
				SWIFT_VERSION = 4.0;
				TEST_HOST = "$(BUILT_PRODUCTS_DIR)/BSFrameworks_Example.app/BSFrameworks_Example";
				WRAPPER_EXTENSION = xctest;
			};
			name = Debug;
		};
		6003F5C4195388D20070C39A /* Release */ = {
			isa = XCBuildConfiguration;
			baseConfigurationReference = 249890230EA4254D28F53759 /* Pods-BSFrameworks_Tests.release.xcconfig */;
			buildSettings = {
				BUNDLE_LOADER = "$(TEST_HOST)";
				DEVELOPMENT_TEAM = HM87X6XBD5;
				FRAMEWORK_SEARCH_PATHS = (
					"$(PLATFORM_DIR)/Developer/Library/Frameworks",
					"$(inherited)",
					"$(DEVELOPER_FRAMEWORKS_DIR)",
				);
				GCC_PRECOMPILE_PREFIX_HEADER = YES;
				GCC_PREFIX_HEADER = "Tests/Tests-Prefix.pch";
				INFOPLIST_FILE = "Tests/Tests-Info.plist";
				PRODUCT_BUNDLE_IDENTIFIER = "org.cocoapods.demo.${PRODUCT_NAME:rfc1034identifier}";
				PRODUCT_NAME = "$(TARGET_NAME)";
				SWIFT_VERSION = 4.0;
				TEST_HOST = "$(BUILT_PRODUCTS_DIR)/BSFrameworks_Example.app/BSFrameworks_Example";
				WRAPPER_EXTENSION = xctest;
			};
			name = Release;
		};
/* End XCBuildConfiguration section */

/* Begin XCConfigurationList section */
		6003F585195388D10070C39A /* Build configuration list for PBXProject "BSFrameworks" */ = {
			isa = XCConfigurationList;
			buildConfigurations = (
				6003F5BD195388D20070C39A /* Debug */,
				6003F5BE195388D20070C39A /* Release */,
			);
			defaultConfigurationIsVisible = 0;
			defaultConfigurationName = Release;
		};
		6003F5BF195388D20070C39A /* Build configuration list for PBXNativeTarget "BSFrameworks_Example" */ = {
			isa = XCConfigurationList;
			buildConfigurations = (
				6003F5C0195388D20070C39A /* Debug */,
				6003F5C1195388D20070C39A /* Release */,
			);
			defaultConfigurationIsVisible = 0;
			defaultConfigurationName = Release;
		};
		6003F5C2195388D20070C39A /* Build configuration list for PBXNativeTarget "BSFrameworks_Tests" */ = {
			isa = XCConfigurationList;
			buildConfigurations = (
				6003F5C3195388D20070C39A /* Debug */,
				6003F5C4195388D20070C39A /* Release */,
			);
			defaultConfigurationIsVisible = 0;
			defaultConfigurationName = Release;
		};
/* End XCConfigurationList section */
	};
	rootObject = 6003F582195388D10070C39A /* Project object */;
}
